// !$*UTF8*$!
{
	archiveVersion = 1;
	classes = {
	};
	objectVersion = 56;
	objects = {

/* Begin PBXBuildFile section */
		5D53225A2AC1BA2B009BB98A /* CategoryTabs.swift in Sources */ = {isa = PBXBuildFile; fileRef = 5D5322592AC1BA2B009BB98A /* CategoryTabs.swift */; };
		5D84B2C52AC094AB00BC87E7 /* Assets.xcassets in Resources */ = {isa = PBXBuildFile; fileRef = 5D84B2C42AC094AB00BC87E7 /* Assets.xcassets */; };
		5D84B2C82AC094AB00BC87E7 /* Preview Assets.xcassets in Resources */ = {isa = PBXBuildFile; fileRef = 5D84B2C72AC094AB00BC87E7 /* Preview Assets.xcassets */; };
		5D84B2CF2AC0961600BC87E7 /* PodcastAppApp.swift in Sources */ = {isa = PBXBuildFile; fileRef = 5D84B2CE2AC0961600BC87E7 /* PodcastAppApp.swift */; };
		5D84B2D42AC0968200BC87E7 /* LocalManager.swift in Sources */ = {isa = PBXBuildFile; fileRef = 5D84B2D32AC0968200BC87E7 /* LocalManager.swift */; };
		5D84B2E42AC0975100BC87E7 /* FirebaseManager.swift in Sources */ = {isa = PBXBuildFile; fileRef = 5D84B2D72AC0975100BC87E7 /* FirebaseManager.swift */; };
		5D84B2E52AC0975100BC87E7 /* PodcastModel.swift in Sources */ = {isa = PBXBuildFile; fileRef = 5D84B2DA2AC0975100BC87E7 /* PodcastModel.swift */; };
		5D84B2E62AC0975100BC87E7 /* APIError.swift in Sources */ = {isa = PBXBuildFile; fileRef = 5D84B2DC2AC0975100BC87E7 /* APIError.swift */; };
		5D84B2E72AC0975100BC87E7 /* APIMethods.swift in Sources */ = {isa = PBXBuildFile; fileRef = 5D84B2DD2AC0975100BC87E7 /* APIMethods.swift */; };
		5D84B2E82AC0975100BC87E7 /* SessionDispatcher.swift in Sources */ = {isa = PBXBuildFile; fileRef = 5D84B2DE2AC0975100BC87E7 /* SessionDispatcher.swift */; };
		5D84B2E92AC0975100BC87E7 /* DataProvider.swift in Sources */ = {isa = PBXBuildFile; fileRef = 5D84B2DF2AC0975100BC87E7 /* DataProvider.swift */; };
		5D84B2EA2AC0975100BC87E7 /* RequestImplimentation.swift in Sources */ = {isa = PBXBuildFile; fileRef = 5D84B2E02AC0975100BC87E7 /* RequestImplimentation.swift */; };
		5D84B2EB2AC0975100BC87E7 /* RequestProtocol.swift in Sources */ = {isa = PBXBuildFile; fileRef = 5D84B2E12AC0975100BC87E7 /* RequestProtocol.swift */; };
		5D84B2EC2AC0975100BC87E7 /* ContentType.swift in Sources */ = {isa = PBXBuildFile; fileRef = 5D84B2E22AC0975100BC87E7 /* ContentType.swift */; };
		5D84B2ED2AC0975100BC87E7 /* APIRequest.swift in Sources */ = {isa = PBXBuildFile; fileRef = 5D84B2E32AC0975100BC87E7 /* APIRequest.swift */; };
		5D84B3022AC0985E00BC87E7 /* Extensions.swift in Sources */ = {isa = PBXBuildFile; fileRef = 5D84B3012AC0985E00BC87E7 /* Extensions.swift */; };
		5D84B3462AC0999C00BC87E7 /* ScreenModel.swift in Sources */ = {isa = PBXBuildFile; fileRef = 5D84B3072AC0999C00BC87E7 /* ScreenModel.swift */; };
		5D84B3472AC0999C00BC87E7 /* CustomNavigationContainer.swift in Sources */ = {isa = PBXBuildFile; fileRef = 5D84B3082AC0999C00BC87E7 /* CustomNavigationContainer.swift */; };
		5D84B3482AC0999C00BC87E7 /* CustomNavigationViewModel.swift in Sources */ = {isa = PBXBuildFile; fileRef = 5D84B3092AC0999C00BC87E7 /* CustomNavigationViewModel.swift */; };
		5D84B3492AC0999C00BC87E7 /* CustomNavigationStack.swift in Sources */ = {isa = PBXBuildFile; fileRef = 5D84B30A2AC0999C00BC87E7 /* CustomNavigationStack.swift */; };
		5D84B34A2AC0999C00BC87E7 /* View+AnyView.swift in Sources */ = {isa = PBXBuildFile; fileRef = 5D84B30B2AC0999C00BC87E7 /* View+AnyView.swift */; };
		5D84B34B2AC0999C00BC87E7 /* MainTabBar.swift in Sources */ = {isa = PBXBuildFile; fileRef = 5D84B30D2AC0999C00BC87E7 /* MainTabBar.swift */; };
		5D84B34C2AC0999C00BC87E7 /* TabBarButton.swift in Sources */ = {isa = PBXBuildFile; fileRef = 5D84B30E2AC0999C00BC87E7 /* TabBarButton.swift */; };
		5D84B34D2AC0999C00BC87E7 /* Buttons.swift in Sources */ = {isa = PBXBuildFile; fileRef = 5D84B3102AC0999C00BC87E7 /* Buttons.swift */; };
		5D84B34E2AC0999C00BC87E7 /* FavoritesViewModel.swift in Sources */ = {isa = PBXBuildFile; fileRef = 5D84B3132AC0999C00BC87E7 /* FavoritesViewModel.swift */; };
		5D84B34F2AC0999C00BC87E7 /* FavoritesView.swift in Sources */ = {isa = PBXBuildFile; fileRef = 5D84B3142AC0999C00BC87E7 /* FavoritesView.swift */; };
		5D84B3502AC0999C00BC87E7 /* FavoritesModel.swift in Sources */ = {isa = PBXBuildFile; fileRef = 5D84B3152AC0999C00BC87E7 /* FavoritesModel.swift */; };
		5D84B3512AC0999C00BC87E7 /* HomePageModel.swift in Sources */ = {isa = PBXBuildFile; fileRef = 5D84B3172AC0999C00BC87E7 /* HomePageModel.swift */; };
		5D84B3522AC0999C00BC87E7 /* HomePageViewModel.swift in Sources */ = {isa = PBXBuildFile; fileRef = 5D84B3182AC0999C00BC87E7 /* HomePageViewModel.swift */; };
		5D84B3532AC0999C00BC87E7 /* HomePageView.swift in Sources */ = {isa = PBXBuildFile; fileRef = 5D84B3192AC0999C00BC87E7 /* HomePageView.swift */; };
		5D84B3542AC0999C00BC87E7 /* AccountSettingsViewModel.swift in Sources */ = {isa = PBXBuildFile; fileRef = 5D84B31B2AC0999C00BC87E7 /* AccountSettingsViewModel.swift */; };
		5D84B3552AC0999C00BC87E7 /* AccountSettingsModel.swift in Sources */ = {isa = PBXBuildFile; fileRef = 5D84B31C2AC0999C00BC87E7 /* AccountSettingsModel.swift */; };
		5D84B3562AC0999C00BC87E7 /* AccountSettingsView.swift in Sources */ = {isa = PBXBuildFile; fileRef = 5D84B31D2AC0999C00BC87E7 /* AccountSettingsView.swift */; };
		5D84B3572AC0999C00BC87E7 /* ProfilesettingsView.swift in Sources */ = {isa = PBXBuildFile; fileRef = 5D84B31F2AC0999C00BC87E7 /* ProfilesettingsView.swift */; };
		5D84B3582AC0999C00BC87E7 /* ProfileSettingsModel.swift in Sources */ = {isa = PBXBuildFile; fileRef = 5D84B3202AC0999C00BC87E7 /* ProfileSettingsModel.swift */; };
		5D84B3592AC0999C00BC87E7 /* ProfileSettingsViewModel.swift in Sources */ = {isa = PBXBuildFile; fileRef = 5D84B3212AC0999C00BC87E7 /* ProfileSettingsViewModel.swift */; };
		5D84B35A2AC0999C00BC87E7 /* ChannelModel.swift in Sources */ = {isa = PBXBuildFile; fileRef = 5D84B3232AC0999C00BC87E7 /* ChannelModel.swift */; };
		5D84B35B2AC0999C00BC87E7 /* ChannelViewModel.swift in Sources */ = {isa = PBXBuildFile; fileRef = 5D84B3242AC0999C00BC87E7 /* ChannelViewModel.swift */; };
		5D84B35C2AC0999C00BC87E7 /* ChannelView.swift in Sources */ = {isa = PBXBuildFile; fileRef = 5D84B3252AC0999C00BC87E7 /* ChannelView.swift */; };
		5D84B35D2AC0999C00BC87E7 /* NowPlayingModel.swift in Sources */ = {isa = PBXBuildFile; fileRef = 5D84B3272AC0999C00BC87E7 /* NowPlayingModel.swift */; };
		5D84B35E2AC0999C00BC87E7 /* NowPlayingViewModel.swift in Sources */ = {isa = PBXBuildFile; fileRef = 5D84B3282AC0999C00BC87E7 /* NowPlayingViewModel.swift */; };
		5D84B35F2AC0999C00BC87E7 /* NowPlayingView.swift in Sources */ = {isa = PBXBuildFile; fileRef = 5D84B3292AC0999C00BC87E7 /* NowPlayingView.swift */; };
		5D84B3602AC0999C00BC87E7 /* OnboardingModel.swift in Sources */ = {isa = PBXBuildFile; fileRef = 5D84B32B2AC0999C00BC87E7 /* OnboardingModel.swift */; };
		5D84B3622AC0999C00BC87E7 /* SearchView.swift in Sources */ = {isa = PBXBuildFile; fileRef = 5D84B32F2AC0999C00BC87E7 /* SearchView.swift */; };
		5D84B3632AC0999C00BC87E7 /* SearchViewModel.swift in Sources */ = {isa = PBXBuildFile; fileRef = 5D84B3302AC0999C00BC87E7 /* SearchViewModel.swift */; };
		5D84B3642AC0999C00BC87E7 /* SearchModel.swift in Sources */ = {isa = PBXBuildFile; fileRef = 5D84B3312AC0999C00BC87E7 /* SearchModel.swift */; };
		5D84B3652AC0999C00BC87E7 /* SearchResultView.swift in Sources */ = {isa = PBXBuildFile; fileRef = 5D84B3332AC0999C00BC87E7 /* SearchResultView.swift */; };
		5D84B3662AC0999C00BC87E7 /* SearchResultModel.swift in Sources */ = {isa = PBXBuildFile; fileRef = 5D84B3342AC0999C00BC87E7 /* SearchResultModel.swift */; };
		5D84B3672AC0999C00BC87E7 /* SearchResultViewModel.swift in Sources */ = {isa = PBXBuildFile; fileRef = 5D84B3352AC0999C00BC87E7 /* SearchResultViewModel.swift */; };
		5D84B3682AC0999C00BC87E7 /* CreatePlaylistViewModel.swift in Sources */ = {isa = PBXBuildFile; fileRef = 5D84B3372AC0999C00BC87E7 /* CreatePlaylistViewModel.swift */; };
		5D84B3692AC0999C00BC87E7 /* CreatePlaylistView.swift in Sources */ = {isa = PBXBuildFile; fileRef = 5D84B3382AC0999C00BC87E7 /* CreatePlaylistView.swift */; };
		5D84B36A2AC0999C00BC87E7 /* CreatePlaylistModel.swift in Sources */ = {isa = PBXBuildFile; fileRef = 5D84B3392AC0999C00BC87E7 /* CreatePlaylistModel.swift */; };
		5D84B36B2AC0999C00BC87E7 /* StartCreateAccountView.swift in Sources */ = {isa = PBXBuildFile; fileRef = 5D84B33C2AC0999C00BC87E7 /* StartCreateAccountView.swift */; };
		5D84B36C2AC0999C00BC87E7 /* StartCreateModel.swift in Sources */ = {isa = PBXBuildFile; fileRef = 5D84B33D2AC0999C00BC87E7 /* StartCreateModel.swift */; };
		5D84B36D2AC0999C00BC87E7 /* CreateWithEmailView.swift in Sources */ = {isa = PBXBuildFile; fileRef = 5D84B33F2AC0999C00BC87E7 /* CreateWithEmailView.swift */; };
		5D84B36E2AC0999C00BC87E7 /* CreateWithEmailModel.swift in Sources */ = {isa = PBXBuildFile; fileRef = 5D84B3402AC0999C00BC87E7 /* CreateWithEmailModel.swift */; };
		5D84B36F2AC0999C00BC87E7 /* CreateWithEmailViewModel.swift in Sources */ = {isa = PBXBuildFile; fileRef = 5D84B3412AC0999C00BC87E7 /* CreateWithEmailViewModel.swift */; };
		5D84B3702AC0999C00BC87E7 /* AutorizationView.swift in Sources */ = {isa = PBXBuildFile; fileRef = 5D84B3432AC0999C00BC87E7 /* AutorizationView.swift */; };
		5D84B3712AC0999C00BC87E7 /* AutorizarionModel.swift in Sources */ = {isa = PBXBuildFile; fileRef = 5D84B3442AC0999C00BC87E7 /* AutorizarionModel.swift */; };
		5D84B3722AC0999C00BC87E7 /* AutorizarionViewModel.swift in Sources */ = {isa = PBXBuildFile; fileRef = 5D84B3452AC0999C00BC87E7 /* AutorizarionViewModel.swift */; };
		5DB3538F2AC593F400A7E617 /* FavoritesDetailView.swift in Sources */ = {isa = PBXBuildFile; fileRef = 5DB3538E2AC593F400A7E617 /* FavoritesDetailView.swift */; };
		5DCF86062AC1EBF900B28053 /* Localizable.strings in Resources */ = {isa = PBXBuildFile; fileRef = 5DCF86052AC1EBF900B28053 /* Localizable.strings */; };
		5DCF86082AC41C9900B28053 /* FavoritesCell.swift in Sources */ = {isa = PBXBuildFile; fileRef = 5DCF86072AC41C9900B28053 /* FavoritesCell.swift */; };
		5DCF860A2AC465C300B28053 /* PlaylistModel.swift in Sources */ = {isa = PBXBuildFile; fileRef = 5DCF86092AC465C300B28053 /* PlaylistModel.swift */; };
		AC16D57B2AC1B80800B74CBA /* MiniPlayer.swift in Sources */ = {isa = PBXBuildFile; fileRef = AC16D57A2AC1B80800B74CBA /* MiniPlayer.swift */; };
		ACEE58CA2AC2194E0037C34E /* LoginTextField.swift in Sources */ = {isa = PBXBuildFile; fileRef = ACEE58C92AC2194E0037C34E /* LoginTextField.swift */; };
		ACEE58CC2AC21B050037C34E /* SearchBar.swift in Sources */ = {isa = PBXBuildFile; fileRef = ACEE58CB2AC21B050037C34E /* SearchBar.swift */; };
		ACEE58CE2AC21C8B0037C34E /* UIApplication.swift in Sources */ = {isa = PBXBuildFile; fileRef = ACEE58CD2AC21C8B0037C34E /* UIApplication.swift */; };
		B72544812AC0D0D3003B3FF6 /* OnboardingViewModel.swift in Sources */ = {isa = PBXBuildFile; fileRef = B72544802AC0D0D3003B3FF6 /* OnboardingViewModel.swift */; };
		B72544842AC0D229003B3FF6 /* OnboardingIndicator.swift in Sources */ = {isa = PBXBuildFile; fileRef = B72544832AC0D229003B3FF6 /* OnboardingIndicator.swift */; };
		B72544862AC0D9C4003B3FF6 /* OnboardingView.swift in Sources */ = {isa = PBXBuildFile; fileRef = B72544852AC0D9C4003B3FF6 /* OnboardingView.swift */; };
		B78EC3C42AC0C050009B8ABC /* Pallete.swift in Sources */ = {isa = PBXBuildFile; fileRef = B78EC3BE2AC0C050009B8ABC /* Pallete.swift */; };
		B78EC3C52AC0C050009B8ABC /* Localizable.strings in Resources */ = {isa = PBXBuildFile; fileRef = B78EC3BF2AC0C050009B8ABC /* Localizable.strings */; };
		B78EC3C62AC0C050009B8ABC /* Images.swift in Sources */ = {isa = PBXBuildFile; fileRef = B78EC3C12AC0C050009B8ABC /* Images.swift */; };
		B78EC3C72AC0C050009B8ABC /* Localizable.swift in Sources */ = {isa = PBXBuildFile; fileRef = B78EC3C22AC0C050009B8ABC /* Localizable.swift */; };
		B7FA0B202AC36F8A000022E7 /* CustomNavigationBar.swift in Sources */ = {isa = PBXBuildFile; fileRef = B7FA0B1F2AC36F8A000022E7 /* CustomNavigationBar.swift */; };
		B7FA0B222AC36FA5000022E7 /* NavigationBars.swift in Sources */ = {isa = PBXBuildFile; fileRef = B7FA0B212AC36FA5000022E7 /* NavigationBars.swift */; };
		D08922C12AC1A2F500683667 /* Icons.swift in Sources */ = {isa = PBXBuildFile; fileRef = D08922C02AC1A2F500683667 /* Icons.swift */; };
		D0D8E5022AC1C115005D5543 /* Kingfisher in Frameworks */ = {isa = PBXBuildFile; productRef = D0D8E5012AC1C115005D5543 /* Kingfisher */; };
		D0D8E5062AC226F4005D5543 /* Cells.swift in Sources */ = {isa = PBXBuildFile; fileRef = D0D8E5052AC226F4005D5543 /* Cells.swift */; };
		FAA1887E2AC36E0F00C0E183 /* PlayControl.swift in Sources */ = {isa = PBXBuildFile; fileRef = FAA1887D2AC36E0F00C0E183 /* PlayControl.swift */; };
		FAE797072AC1FDF8003F3F0C /* CustomLabel.swift in Sources */ = {isa = PBXBuildFile; fileRef = FAE797062AC1FDF8003F3F0C /* CustomLabel.swift */; };
		FAE797092AC210CE003F3F0C /* SelectButton.swift in Sources */ = {isa = PBXBuildFile; fileRef = FAE797082AC210CE003F3F0C /* SelectButton.swift */; };
/* End PBXBuildFile section */

/* Begin PBXFileReference section */
		5D5322592AC1BA2B009BB98A /* CategoryTabs.swift */ = {isa = PBXFileReference; lastKnownFileType = sourcecode.swift; path = CategoryTabs.swift; sourceTree = "<group>"; };
		5D84B2BD2AC094A900BC87E7 /* Challenge3.app */ = {isa = PBXFileReference; explicitFileType = wrapper.application; includeInIndex = 0; path = Challenge3.app; sourceTree = BUILT_PRODUCTS_DIR; };
		5D84B2C42AC094AB00BC87E7 /* Assets.xcassets */ = {isa = PBXFileReference; lastKnownFileType = folder.assetcatalog; path = Assets.xcassets; sourceTree = "<group>"; };
		5D84B2C72AC094AB00BC87E7 /* Preview Assets.xcassets */ = {isa = PBXFileReference; lastKnownFileType = folder.assetcatalog; path = "Preview Assets.xcassets"; sourceTree = "<group>"; };
		5D84B2CE2AC0961600BC87E7 /* PodcastAppApp.swift */ = {isa = PBXFileReference; fileEncoding = 4; lastKnownFileType = sourcecode.swift; path = PodcastAppApp.swift; sourceTree = "<group>"; };
		5D84B2D32AC0968200BC87E7 /* LocalManager.swift */ = {isa = PBXFileReference; fileEncoding = 4; lastKnownFileType = sourcecode.swift; path = LocalManager.swift; sourceTree = "<group>"; };
		5D84B2D72AC0975100BC87E7 /* FirebaseManager.swift */ = {isa = PBXFileReference; fileEncoding = 4; lastKnownFileType = sourcecode.swift; path = FirebaseManager.swift; sourceTree = "<group>"; };
		5D84B2DA2AC0975100BC87E7 /* PodcastModel.swift */ = {isa = PBXFileReference; fileEncoding = 4; lastKnownFileType = sourcecode.swift; path = PodcastModel.swift; sourceTree = "<group>"; };
		5D84B2DC2AC0975100BC87E7 /* APIError.swift */ = {isa = PBXFileReference; fileEncoding = 4; lastKnownFileType = sourcecode.swift; path = APIError.swift; sourceTree = "<group>"; };
		5D84B2DD2AC0975100BC87E7 /* APIMethods.swift */ = {isa = PBXFileReference; fileEncoding = 4; lastKnownFileType = sourcecode.swift; path = APIMethods.swift; sourceTree = "<group>"; };
		5D84B2DE2AC0975100BC87E7 /* SessionDispatcher.swift */ = {isa = PBXFileReference; fileEncoding = 4; lastKnownFileType = sourcecode.swift; path = SessionDispatcher.swift; sourceTree = "<group>"; };
		5D84B2DF2AC0975100BC87E7 /* DataProvider.swift */ = {isa = PBXFileReference; fileEncoding = 4; lastKnownFileType = sourcecode.swift; path = DataProvider.swift; sourceTree = "<group>"; };
		5D84B2E02AC0975100BC87E7 /* RequestImplimentation.swift */ = {isa = PBXFileReference; fileEncoding = 4; lastKnownFileType = sourcecode.swift; path = RequestImplimentation.swift; sourceTree = "<group>"; };
		5D84B2E12AC0975100BC87E7 /* RequestProtocol.swift */ = {isa = PBXFileReference; fileEncoding = 4; lastKnownFileType = sourcecode.swift; path = RequestProtocol.swift; sourceTree = "<group>"; };
		5D84B2E22AC0975100BC87E7 /* ContentType.swift */ = {isa = PBXFileReference; fileEncoding = 4; lastKnownFileType = sourcecode.swift; path = ContentType.swift; sourceTree = "<group>"; };
		5D84B2E32AC0975100BC87E7 /* APIRequest.swift */ = {isa = PBXFileReference; fileEncoding = 4; lastKnownFileType = sourcecode.swift; path = APIRequest.swift; sourceTree = "<group>"; };
		5D84B3012AC0985E00BC87E7 /* Extensions.swift */ = {isa = PBXFileReference; lastKnownFileType = sourcecode.swift; path = Extensions.swift; sourceTree = "<group>"; };
		5D84B3072AC0999C00BC87E7 /* ScreenModel.swift */ = {isa = PBXFileReference; fileEncoding = 4; lastKnownFileType = sourcecode.swift; path = ScreenModel.swift; sourceTree = "<group>"; };
		5D84B3082AC0999C00BC87E7 /* CustomNavigationContainer.swift */ = {isa = PBXFileReference; fileEncoding = 4; lastKnownFileType = sourcecode.swift; path = CustomNavigationContainer.swift; sourceTree = "<group>"; };
		5D84B3092AC0999C00BC87E7 /* CustomNavigationViewModel.swift */ = {isa = PBXFileReference; fileEncoding = 4; lastKnownFileType = sourcecode.swift; path = CustomNavigationViewModel.swift; sourceTree = "<group>"; };
		5D84B30A2AC0999C00BC87E7 /* CustomNavigationStack.swift */ = {isa = PBXFileReference; fileEncoding = 4; lastKnownFileType = sourcecode.swift; path = CustomNavigationStack.swift; sourceTree = "<group>"; };
		5D84B30B2AC0999C00BC87E7 /* View+AnyView.swift */ = {isa = PBXFileReference; fileEncoding = 4; lastKnownFileType = sourcecode.swift; path = "View+AnyView.swift"; sourceTree = "<group>"; };
		5D84B30D2AC0999C00BC87E7 /* MainTabBar.swift */ = {isa = PBXFileReference; fileEncoding = 4; lastKnownFileType = sourcecode.swift; path = MainTabBar.swift; sourceTree = "<group>"; };
		5D84B30E2AC0999C00BC87E7 /* TabBarButton.swift */ = {isa = PBXFileReference; fileEncoding = 4; lastKnownFileType = sourcecode.swift; path = TabBarButton.swift; sourceTree = "<group>"; };
		5D84B3102AC0999C00BC87E7 /* Buttons.swift */ = {isa = PBXFileReference; fileEncoding = 4; lastKnownFileType = sourcecode.swift; path = Buttons.swift; sourceTree = "<group>"; };
		5D84B3132AC0999C00BC87E7 /* FavoritesViewModel.swift */ = {isa = PBXFileReference; fileEncoding = 4; lastKnownFileType = sourcecode.swift; path = FavoritesViewModel.swift; sourceTree = "<group>"; };
		5D84B3142AC0999C00BC87E7 /* FavoritesView.swift */ = {isa = PBXFileReference; fileEncoding = 4; lastKnownFileType = sourcecode.swift; path = FavoritesView.swift; sourceTree = "<group>"; };
		5D84B3152AC0999C00BC87E7 /* FavoritesModel.swift */ = {isa = PBXFileReference; fileEncoding = 4; lastKnownFileType = sourcecode.swift; path = FavoritesModel.swift; sourceTree = "<group>"; };
		5D84B3172AC0999C00BC87E7 /* HomePageModel.swift */ = {isa = PBXFileReference; fileEncoding = 4; lastKnownFileType = sourcecode.swift; path = HomePageModel.swift; sourceTree = "<group>"; };
		5D84B3182AC0999C00BC87E7 /* HomePageViewModel.swift */ = {isa = PBXFileReference; fileEncoding = 4; lastKnownFileType = sourcecode.swift; path = HomePageViewModel.swift; sourceTree = "<group>"; };
		5D84B3192AC0999C00BC87E7 /* HomePageView.swift */ = {isa = PBXFileReference; fileEncoding = 4; lastKnownFileType = sourcecode.swift; path = HomePageView.swift; sourceTree = "<group>"; };
		5D84B31B2AC0999C00BC87E7 /* AccountSettingsViewModel.swift */ = {isa = PBXFileReference; fileEncoding = 4; lastKnownFileType = sourcecode.swift; path = AccountSettingsViewModel.swift; sourceTree = "<group>"; };
		5D84B31C2AC0999C00BC87E7 /* AccountSettingsModel.swift */ = {isa = PBXFileReference; fileEncoding = 4; lastKnownFileType = sourcecode.swift; path = AccountSettingsModel.swift; sourceTree = "<group>"; };
		5D84B31D2AC0999C00BC87E7 /* AccountSettingsView.swift */ = {isa = PBXFileReference; fileEncoding = 4; lastKnownFileType = sourcecode.swift; path = AccountSettingsView.swift; sourceTree = "<group>"; };
		5D84B31F2AC0999C00BC87E7 /* ProfilesettingsView.swift */ = {isa = PBXFileReference; fileEncoding = 4; lastKnownFileType = sourcecode.swift; path = ProfilesettingsView.swift; sourceTree = "<group>"; };
		5D84B3202AC0999C00BC87E7 /* ProfileSettingsModel.swift */ = {isa = PBXFileReference; fileEncoding = 4; lastKnownFileType = sourcecode.swift; path = ProfileSettingsModel.swift; sourceTree = "<group>"; };
		5D84B3212AC0999C00BC87E7 /* ProfileSettingsViewModel.swift */ = {isa = PBXFileReference; fileEncoding = 4; lastKnownFileType = sourcecode.swift; path = ProfileSettingsViewModel.swift; sourceTree = "<group>"; };
		5D84B3232AC0999C00BC87E7 /* ChannelModel.swift */ = {isa = PBXFileReference; fileEncoding = 4; lastKnownFileType = sourcecode.swift; path = ChannelModel.swift; sourceTree = "<group>"; };
		5D84B3242AC0999C00BC87E7 /* ChannelViewModel.swift */ = {isa = PBXFileReference; fileEncoding = 4; lastKnownFileType = sourcecode.swift; path = ChannelViewModel.swift; sourceTree = "<group>"; };
		5D84B3252AC0999C00BC87E7 /* ChannelView.swift */ = {isa = PBXFileReference; fileEncoding = 4; lastKnownFileType = sourcecode.swift; path = ChannelView.swift; sourceTree = "<group>"; };
		5D84B3272AC0999C00BC87E7 /* NowPlayingModel.swift */ = {isa = PBXFileReference; fileEncoding = 4; lastKnownFileType = sourcecode.swift; path = NowPlayingModel.swift; sourceTree = "<group>"; };
		5D84B3282AC0999C00BC87E7 /* NowPlayingViewModel.swift */ = {isa = PBXFileReference; fileEncoding = 4; lastKnownFileType = sourcecode.swift; path = NowPlayingViewModel.swift; sourceTree = "<group>"; };
		5D84B3292AC0999C00BC87E7 /* NowPlayingView.swift */ = {isa = PBXFileReference; fileEncoding = 4; lastKnownFileType = sourcecode.swift; path = NowPlayingView.swift; sourceTree = "<group>"; };
		5D84B32B2AC0999C00BC87E7 /* OnboardingModel.swift */ = {isa = PBXFileReference; fileEncoding = 4; lastKnownFileType = sourcecode.swift; path = OnboardingModel.swift; sourceTree = "<group>"; };
		5D84B32F2AC0999C00BC87E7 /* SearchView.swift */ = {isa = PBXFileReference; fileEncoding = 4; lastKnownFileType = sourcecode.swift; path = SearchView.swift; sourceTree = "<group>"; };
		5D84B3302AC0999C00BC87E7 /* SearchViewModel.swift */ = {isa = PBXFileReference; fileEncoding = 4; lastKnownFileType = sourcecode.swift; path = SearchViewModel.swift; sourceTree = "<group>"; };
		5D84B3312AC0999C00BC87E7 /* SearchModel.swift */ = {isa = PBXFileReference; fileEncoding = 4; lastKnownFileType = sourcecode.swift; path = SearchModel.swift; sourceTree = "<group>"; };
		5D84B3332AC0999C00BC87E7 /* SearchResultView.swift */ = {isa = PBXFileReference; fileEncoding = 4; lastKnownFileType = sourcecode.swift; path = SearchResultView.swift; sourceTree = "<group>"; };
		5D84B3342AC0999C00BC87E7 /* SearchResultModel.swift */ = {isa = PBXFileReference; fileEncoding = 4; lastKnownFileType = sourcecode.swift; path = SearchResultModel.swift; sourceTree = "<group>"; };
		5D84B3352AC0999C00BC87E7 /* SearchResultViewModel.swift */ = {isa = PBXFileReference; fileEncoding = 4; lastKnownFileType = sourcecode.swift; path = SearchResultViewModel.swift; sourceTree = "<group>"; };
		5D84B3372AC0999C00BC87E7 /* CreatePlaylistViewModel.swift */ = {isa = PBXFileReference; fileEncoding = 4; lastKnownFileType = sourcecode.swift; path = CreatePlaylistViewModel.swift; sourceTree = "<group>"; };
		5D84B3382AC0999C00BC87E7 /* CreatePlaylistView.swift */ = {isa = PBXFileReference; fileEncoding = 4; lastKnownFileType = sourcecode.swift; path = CreatePlaylistView.swift; sourceTree = "<group>"; };
		5D84B3392AC0999C00BC87E7 /* CreatePlaylistModel.swift */ = {isa = PBXFileReference; fileEncoding = 4; lastKnownFileType = sourcecode.swift; path = CreatePlaylistModel.swift; sourceTree = "<group>"; };
		5D84B33C2AC0999C00BC87E7 /* StartCreateAccountView.swift */ = {isa = PBXFileReference; fileEncoding = 4; lastKnownFileType = sourcecode.swift; path = StartCreateAccountView.swift; sourceTree = "<group>"; };
		5D84B33D2AC0999C00BC87E7 /* StartCreateModel.swift */ = {isa = PBXFileReference; fileEncoding = 4; lastKnownFileType = sourcecode.swift; path = StartCreateModel.swift; sourceTree = "<group>"; };
		5D84B33F2AC0999C00BC87E7 /* CreateWithEmailView.swift */ = {isa = PBXFileReference; fileEncoding = 4; lastKnownFileType = sourcecode.swift; path = CreateWithEmailView.swift; sourceTree = "<group>"; };
		5D84B3402AC0999C00BC87E7 /* CreateWithEmailModel.swift */ = {isa = PBXFileReference; fileEncoding = 4; lastKnownFileType = sourcecode.swift; path = CreateWithEmailModel.swift; sourceTree = "<group>"; };
		5D84B3412AC0999C00BC87E7 /* CreateWithEmailViewModel.swift */ = {isa = PBXFileReference; fileEncoding = 4; lastKnownFileType = sourcecode.swift; path = CreateWithEmailViewModel.swift; sourceTree = "<group>"; };
		5D84B3432AC0999C00BC87E7 /* AutorizationView.swift */ = {isa = PBXFileReference; fileEncoding = 4; lastKnownFileType = sourcecode.swift; path = AutorizationView.swift; sourceTree = "<group>"; };
		5D84B3442AC0999C00BC87E7 /* AutorizarionModel.swift */ = {isa = PBXFileReference; fileEncoding = 4; lastKnownFileType = sourcecode.swift; path = AutorizarionModel.swift; sourceTree = "<group>"; };
		5D84B3452AC0999C00BC87E7 /* AutorizarionViewModel.swift */ = {isa = PBXFileReference; fileEncoding = 4; lastKnownFileType = sourcecode.swift; path = AutorizarionViewModel.swift; sourceTree = "<group>"; };
		5DB3538E2AC593F400A7E617 /* FavoritesDetailView.swift */ = {isa = PBXFileReference; lastKnownFileType = sourcecode.swift; path = FavoritesDetailView.swift; sourceTree = "<group>"; };
		5DCF86052AC1EBF900B28053 /* Localizable.strings */ = {isa = PBXFileReference; fileEncoding = 4; lastKnownFileType = text.plist.strings; path = Localizable.strings; sourceTree = "<group>"; };
		5DCF86072AC41C9900B28053 /* FavoritesCell.swift */ = {isa = PBXFileReference; lastKnownFileType = sourcecode.swift; path = FavoritesCell.swift; sourceTree = "<group>"; };
		5DCF86092AC465C300B28053 /* PlaylistModel.swift */ = {isa = PBXFileReference; lastKnownFileType = sourcecode.swift; path = PlaylistModel.swift; sourceTree = "<group>"; };
		AC16D57A2AC1B80800B74CBA /* MiniPlayer.swift */ = {isa = PBXFileReference; lastKnownFileType = sourcecode.swift; path = MiniPlayer.swift; sourceTree = "<group>"; };
		ACEE58C92AC2194E0037C34E /* LoginTextField.swift */ = {isa = PBXFileReference; lastKnownFileType = sourcecode.swift; path = LoginTextField.swift; sourceTree = "<group>"; };
		ACEE58CB2AC21B050037C34E /* SearchBar.swift */ = {isa = PBXFileReference; lastKnownFileType = sourcecode.swift; path = SearchBar.swift; sourceTree = "<group>"; };
		ACEE58CD2AC21C8B0037C34E /* UIApplication.swift */ = {isa = PBXFileReference; lastKnownFileType = sourcecode.swift; path = UIApplication.swift; sourceTree = "<group>"; };
		B72544802AC0D0D3003B3FF6 /* OnboardingViewModel.swift */ = {isa = PBXFileReference; lastKnownFileType = sourcecode.swift; path = OnboardingViewModel.swift; sourceTree = "<group>"; };
		B72544832AC0D229003B3FF6 /* OnboardingIndicator.swift */ = {isa = PBXFileReference; lastKnownFileType = sourcecode.swift; path = OnboardingIndicator.swift; sourceTree = "<group>"; };
		B72544852AC0D9C4003B3FF6 /* OnboardingView.swift */ = {isa = PBXFileReference; fileEncoding = 4; lastKnownFileType = sourcecode.swift; path = OnboardingView.swift; sourceTree = "<group>"; };
		B78EC3BE2AC0C050009B8ABC /* Pallete.swift */ = {isa = PBXFileReference; fileEncoding = 4; lastKnownFileType = sourcecode.swift; path = Pallete.swift; sourceTree = "<group>"; };
		B78EC3C02AC0C050009B8ABC /* ru */ = {isa = PBXFileReference; lastKnownFileType = text.plist.strings; name = ru; path = ru.lproj/Localizable.strings; sourceTree = "<group>"; };
		B78EC3C12AC0C050009B8ABC /* Images.swift */ = {isa = PBXFileReference; fileEncoding = 4; lastKnownFileType = sourcecode.swift; path = Images.swift; sourceTree = "<group>"; };
		B78EC3C22AC0C050009B8ABC /* Localizable.swift */ = {isa = PBXFileReference; fileEncoding = 4; lastKnownFileType = sourcecode.swift; path = Localizable.swift; sourceTree = "<group>"; };
		B7FA0B1F2AC36F8A000022E7 /* CustomNavigationBar.swift */ = {isa = PBXFileReference; lastKnownFileType = sourcecode.swift; path = CustomNavigationBar.swift; sourceTree = "<group>"; };
		B7FA0B212AC36FA5000022E7 /* NavigationBars.swift */ = {isa = PBXFileReference; lastKnownFileType = sourcecode.swift; path = NavigationBars.swift; sourceTree = "<group>"; };
		D08922C02AC1A2F500683667 /* Icons.swift */ = {isa = PBXFileReference; lastKnownFileType = sourcecode.swift; path = Icons.swift; sourceTree = "<group>"; };
		D0D8E5052AC226F4005D5543 /* Cells.swift */ = {isa = PBXFileReference; lastKnownFileType = sourcecode.swift; path = Cells.swift; sourceTree = "<group>"; };
		FAA1887D2AC36E0F00C0E183 /* PlayControl.swift */ = {isa = PBXFileReference; lastKnownFileType = sourcecode.swift; path = PlayControl.swift; sourceTree = "<group>"; };
		FAE797062AC1FDF8003F3F0C /* CustomLabel.swift */ = {isa = PBXFileReference; lastKnownFileType = sourcecode.swift; path = CustomLabel.swift; sourceTree = "<group>"; };
		FAE797082AC210CE003F3F0C /* SelectButton.swift */ = {isa = PBXFileReference; lastKnownFileType = sourcecode.swift; path = SelectButton.swift; sourceTree = "<group>"; };
/* End PBXFileReference section */

/* Begin PBXFrameworksBuildPhase section */
		5D84B2BA2AC094A900BC87E7 /* Frameworks */ = {
			isa = PBXFrameworksBuildPhase;
			buildActionMask = 2147483647;
			files = (
				D0D8E5022AC1C115005D5543 /* Kingfisher in Frameworks */,
			);
			runOnlyForDeploymentPostprocessing = 0;
		};
/* End PBXFrameworksBuildPhase section */

/* Begin PBXGroup section */
		5D84B2B42AC094A900BC87E7 = {
			isa = PBXGroup;
			children = (
				5D84B2BF2AC094A900BC87E7 /* Challenge3 */,
				5D84B2BE2AC094A900BC87E7 /* Products */,
			);
			sourceTree = "<group>";
		};
		5D84B2BE2AC094A900BC87E7 /* Products */ = {
			isa = PBXGroup;
			children = (
				5D84B2BD2AC094A900BC87E7 /* Challenge3.app */,
			);
			name = Products;
			sourceTree = "<group>";
		};
		5D84B2BF2AC094A900BC87E7 /* Challenge3 */ = {
			isa = PBXGroup;
			children = (
				5D84B2C42AC094AB00BC87E7 /* Assets.xcassets */,
				5D84B2CE2AC0961600BC87E7 /* PodcastAppApp.swift */,
				B78EC3BB2AC0C050009B8ABC /* Resourse */,
				5D84B2D22AC0968200BC87E7 /* LocalManagers */,
				5D84B2D52AC0975100BC87E7 /* NetworkLayer */,
				5D84B3032AC0986E00BC87E7 /* Extension */,
				5D84B3042AC0999C00BC87E7 /* PresentationLayer */,
				5D84B2C62AC094AB00BC87E7 /* Preview Content */,
			);
			path = Challenge3;
			sourceTree = "<group>";
		};
		5D84B2C62AC094AB00BC87E7 /* Preview Content */ = {
			isa = PBXGroup;
			children = (
				5D84B2C72AC094AB00BC87E7 /* Preview Assets.xcassets */,
			);
			path = "Preview Content";
			sourceTree = "<group>";
		};
		5D84B2D22AC0968200BC87E7 /* LocalManagers */ = {
			isa = PBXGroup;
			children = (
				5D84B2D32AC0968200BC87E7 /* LocalManager.swift */,
			);
			path = LocalManagers;
			sourceTree = "<group>";
		};
		5D84B2D52AC0975100BC87E7 /* NetworkLayer */ = {
			isa = PBXGroup;
			children = (
				5D84B2D62AC0975100BC87E7 /* FirebaseManagers */,
				5D84B2D82AC0975100BC87E7 /* APIManagers */,
			);
			path = NetworkLayer;
			sourceTree = "<group>";
		};
		5D84B2D62AC0975100BC87E7 /* FirebaseManagers */ = {
			isa = PBXGroup;
			children = (
				5D84B2D72AC0975100BC87E7 /* FirebaseManager.swift */,
			);
			path = FirebaseManagers;
			sourceTree = "<group>";
		};
		5D84B2D82AC0975100BC87E7 /* APIManagers */ = {
			isa = PBXGroup;
			children = (
				5D84B2D92AC0975100BC87E7 /* Models */,
				5D84B2DB2AC0975100BC87E7 /* Base */,
			);
			path = APIManagers;
			sourceTree = "<group>";
		};
		5D84B2D92AC0975100BC87E7 /* Models */ = {
			isa = PBXGroup;
			children = (
				5D84B2DA2AC0975100BC87E7 /* PodcastModel.swift */,
			);
			path = Models;
			sourceTree = "<group>";
		};
		5D84B2DB2AC0975100BC87E7 /* Base */ = {
			isa = PBXGroup;
			children = (
				5D84B2DC2AC0975100BC87E7 /* APIError.swift */,
				5D84B2DD2AC0975100BC87E7 /* APIMethods.swift */,
				5D84B2DE2AC0975100BC87E7 /* SessionDispatcher.swift */,
				5D84B2DF2AC0975100BC87E7 /* DataProvider.swift */,
				5D84B2E02AC0975100BC87E7 /* RequestImplimentation.swift */,
				5D84B2E12AC0975100BC87E7 /* RequestProtocol.swift */,
				5D84B2E22AC0975100BC87E7 /* ContentType.swift */,
				5D84B2E32AC0975100BC87E7 /* APIRequest.swift */,
			);
			path = Base;
			sourceTree = "<group>";
		};
		5D84B3032AC0986E00BC87E7 /* Extension */ = {
			isa = PBXGroup;
			children = (
				5D84B3012AC0985E00BC87E7 /* Extensions.swift */,
				ACEE58CD2AC21C8B0037C34E /* UIApplication.swift */,
			);
			path = Extension;
			sourceTree = "<group>";
		};
		5D84B3042AC0999C00BC87E7 /* PresentationLayer */ = {
			isa = PBXGroup;
			children = (
				5D84B3052AC0999C00BC87E7 /* Navigation */,
				5D84B30F2AC0999C00BC87E7 /* Components */,
				5D84B3112AC0999C00BC87E7 /* Modules */,
			);
			path = PresentationLayer;
			sourceTree = "<group>";
		};
		5D84B3052AC0999C00BC87E7 /* Navigation */ = {
			isa = PBXGroup;
			children = (
				5D84B3062AC0999C00BC87E7 /* CustomNavigationStack */,
				5D84B30C2AC0999C00BC87E7 /* CustomTabBar */,
			);
			path = Navigation;
			sourceTree = "<group>";
		};
		5D84B3062AC0999C00BC87E7 /* CustomNavigationStack */ = {
			isa = PBXGroup;
			children = (
				5D84B3072AC0999C00BC87E7 /* ScreenModel.swift */,
				5D84B3082AC0999C00BC87E7 /* CustomNavigationContainer.swift */,
				5D84B3092AC0999C00BC87E7 /* CustomNavigationViewModel.swift */,
				5D84B30A2AC0999C00BC87E7 /* CustomNavigationStack.swift */,
				5D84B30B2AC0999C00BC87E7 /* View+AnyView.swift */,
				B7FA0B1F2AC36F8A000022E7 /* CustomNavigationBar.swift */,
			);
			path = CustomNavigationStack;
			sourceTree = "<group>";
		};
		5D84B30C2AC0999C00BC87E7 /* CustomTabBar */ = {
			isa = PBXGroup;
			children = (
				5D84B30D2AC0999C00BC87E7 /* MainTabBar.swift */,
				5D84B30E2AC0999C00BC87E7 /* TabBarButton.swift */,
			);
			path = CustomTabBar;
			sourceTree = "<group>";
		};
		5D84B30F2AC0999C00BC87E7 /* Components */ = {
			isa = PBXGroup;
			children = (
				5D84B3102AC0999C00BC87E7 /* Buttons.swift */,
				ACEE58C92AC2194E0037C34E /* LoginTextField.swift */,
				ACEE58CB2AC21B050037C34E /* SearchBar.swift */,
				5D5322592AC1BA2B009BB98A /* CategoryTabs.swift */,
				D08922C02AC1A2F500683667 /* Icons.swift */,
				AC16D57A2AC1B80800B74CBA /* MiniPlayer.swift */,
				FAA1887D2AC36E0F00C0E183 /* PlayControl.swift */,
				D0D8E5052AC226F4005D5543 /* Cells.swift */,
				FAE797082AC210CE003F3F0C /* SelectButton.swift */,
				FAE797062AC1FDF8003F3F0C /* CustomLabel.swift */,
				B7FA0B212AC36FA5000022E7 /* NavigationBars.swift */,
			);
			path = Components;
			sourceTree = "<group>";
		};
		5D84B3112AC0999C00BC87E7 /* Modules */ = {
			isa = PBXGroup;
			children = (
				5D84B3122AC0999C00BC87E7 /* FavoritesView */,
				5D84B3162AC0999C00BC87E7 /* HomePageView */,
				5D84B31A2AC0999C00BC87E7 /* AccountSettingView */,
				5D84B31E2AC0999C00BC87E7 /* ProfileSettingsView */,
				5D84B3222AC0999C00BC87E7 /* ChannelView */,
				5D84B3262AC0999C00BC87E7 /* NowPlayingView */,
				5D84B32A2AC0999C00BC87E7 /* OnboardingView */,
				5D84B32D2AC0999C00BC87E7 /* SearchView */,
				5D84B3362AC0999C00BC87E7 /* CreatePlaylistView */,
				5D84B33A2AC0999C00BC87E7 /* CreateView */,
				5D84B3422AC0999C00BC87E7 /* AutorizationView */,
			);
			path = Modules;
			sourceTree = "<group>";
		};
		5D84B3122AC0999C00BC87E7 /* FavoritesView */ = {
			isa = PBXGroup;
			children = (
				5D84B3132AC0999C00BC87E7 /* FavoritesViewModel.swift */,
				5DB3538E2AC593F400A7E617 /* FavoritesDetailView.swift */,
				5D84B3142AC0999C00BC87E7 /* FavoritesView.swift */,
				5DCF86092AC465C300B28053 /* PlaylistModel.swift */,
				5DCF86072AC41C9900B28053 /* FavoritesCell.swift */,
				5D84B3152AC0999C00BC87E7 /* FavoritesModel.swift */,
			);
			path = FavoritesView;
			sourceTree = "<group>";
		};
		5D84B3162AC0999C00BC87E7 /* HomePageView */ = {
			isa = PBXGroup;
			children = (
				5D84B3172AC0999C00BC87E7 /* HomePageModel.swift */,
				5D84B3182AC0999C00BC87E7 /* HomePageViewModel.swift */,
				5D84B3192AC0999C00BC87E7 /* HomePageView.swift */,
			);
			path = HomePageView;
			sourceTree = "<group>";
		};
		5D84B31A2AC0999C00BC87E7 /* AccountSettingView */ = {
			isa = PBXGroup;
			children = (
				5D84B31B2AC0999C00BC87E7 /* AccountSettingsViewModel.swift */,
				5D84B31C2AC0999C00BC87E7 /* AccountSettingsModel.swift */,
				5D84B31D2AC0999C00BC87E7 /* AccountSettingsView.swift */,
			);
			path = AccountSettingView;
			sourceTree = "<group>";
		};
		5D84B31E2AC0999C00BC87E7 /* ProfileSettingsView */ = {
			isa = PBXGroup;
			children = (
				5D84B31F2AC0999C00BC87E7 /* ProfilesettingsView.swift */,
				5D84B3202AC0999C00BC87E7 /* ProfileSettingsModel.swift */,
				5D84B3212AC0999C00BC87E7 /* ProfileSettingsViewModel.swift */,
			);
			path = ProfileSettingsView;
			sourceTree = "<group>";
		};
		5D84B3222AC0999C00BC87E7 /* ChannelView */ = {
			isa = PBXGroup;
			children = (
				5D84B3232AC0999C00BC87E7 /* ChannelModel.swift */,
				5D84B3242AC0999C00BC87E7 /* ChannelViewModel.swift */,
				5D84B3252AC0999C00BC87E7 /* ChannelView.swift */,
			);
			path = ChannelView;
			sourceTree = "<group>";
		};
		5D84B3262AC0999C00BC87E7 /* NowPlayingView */ = {
			isa = PBXGroup;
			children = (
				5D84B3272AC0999C00BC87E7 /* NowPlayingModel.swift */,
				5D84B3282AC0999C00BC87E7 /* NowPlayingViewModel.swift */,
				5D84B3292AC0999C00BC87E7 /* NowPlayingView.swift */,
			);
			path = NowPlayingView;
			sourceTree = "<group>";
		};
		5D84B32A2AC0999C00BC87E7 /* OnboardingView */ = {
			isa = PBXGroup;
			children = (
				B72544822AC0D118003B3FF6 /* OnboardingComponents */,
				5D84B32B2AC0999C00BC87E7 /* OnboardingModel.swift */,
				B72544852AC0D9C4003B3FF6 /* OnboardingView.swift */,
				B72544802AC0D0D3003B3FF6 /* OnboardingViewModel.swift */,
			);
			path = OnboardingView;
			sourceTree = "<group>";
		};
		5D84B32D2AC0999C00BC87E7 /* SearchView */ = {
			isa = PBXGroup;
			children = (
				5D84B32E2AC0999C00BC87E7 /* Search */,
				5D84B3322AC0999C00BC87E7 /* SearchResult */,
			);
			path = SearchView;
			sourceTree = "<group>";
		};
		5D84B32E2AC0999C00BC87E7 /* Search */ = {
			isa = PBXGroup;
			children = (
				5D84B32F2AC0999C00BC87E7 /* SearchView.swift */,
				5D84B3302AC0999C00BC87E7 /* SearchViewModel.swift */,
				5D84B3312AC0999C00BC87E7 /* SearchModel.swift */,
			);
			path = Search;
			sourceTree = "<group>";
		};
		5D84B3322AC0999C00BC87E7 /* SearchResult */ = {
			isa = PBXGroup;
			children = (
				5D84B3332AC0999C00BC87E7 /* SearchResultView.swift */,
				5D84B3342AC0999C00BC87E7 /* SearchResultModel.swift */,
				5D84B3352AC0999C00BC87E7 /* SearchResultViewModel.swift */,
			);
			path = SearchResult;
			sourceTree = "<group>";
		};
		5D84B3362AC0999C00BC87E7 /* CreatePlaylistView */ = {
			isa = PBXGroup;
			children = (
				5D84B3372AC0999C00BC87E7 /* CreatePlaylistViewModel.swift */,
				5D84B3382AC0999C00BC87E7 /* CreatePlaylistView.swift */,
				5D84B3392AC0999C00BC87E7 /* CreatePlaylistModel.swift */,
			);
			path = CreatePlaylistView;
			sourceTree = "<group>";
		};
		5D84B33A2AC0999C00BC87E7 /* CreateView */ = {
			isa = PBXGroup;
			children = (
				5D84B33B2AC0999C00BC87E7 /* StartCreate */,
				5D84B33E2AC0999C00BC87E7 /* CreateWithEmail */,
			);
			path = CreateView;
			sourceTree = "<group>";
		};
		5D84B33B2AC0999C00BC87E7 /* StartCreate */ = {
			isa = PBXGroup;
			children = (
				5D84B33C2AC0999C00BC87E7 /* StartCreateAccountView.swift */,
				5D84B33D2AC0999C00BC87E7 /* StartCreateModel.swift */,
			);
			path = StartCreate;
			sourceTree = "<group>";
		};
		5D84B33E2AC0999C00BC87E7 /* CreateWithEmail */ = {
			isa = PBXGroup;
			children = (
				5D84B33F2AC0999C00BC87E7 /* CreateWithEmailView.swift */,
				5D84B3402AC0999C00BC87E7 /* CreateWithEmailModel.swift */,
				5D84B3412AC0999C00BC87E7 /* CreateWithEmailViewModel.swift */,
			);
			path = CreateWithEmail;
			sourceTree = "<group>";
		};
		5D84B3422AC0999C00BC87E7 /* AutorizationView */ = {
			isa = PBXGroup;
			children = (
				5D84B3432AC0999C00BC87E7 /* AutorizationView.swift */,
				5D84B3442AC0999C00BC87E7 /* AutorizarionModel.swift */,
				5D84B3452AC0999C00BC87E7 /* AutorizarionViewModel.swift */,
			);
			path = AutorizationView;
			sourceTree = "<group>";
		};
		B72544822AC0D118003B3FF6 /* OnboardingComponents */ = {
			isa = PBXGroup;
			children = (
				B72544832AC0D229003B3FF6 /* OnboardingIndicator.swift */,
			);
			path = OnboardingComponents;
			sourceTree = "<group>";
		};
		B78EC3BB2AC0C050009B8ABC /* Resourse */ = {
			isa = PBXGroup;
			children = (
				5DCF86052AC1EBF900B28053 /* Localizable.strings */,
				B78EC3BE2AC0C050009B8ABC /* Pallete.swift */,
				B78EC3BF2AC0C050009B8ABC /* Localizable.strings */,
				B78EC3C12AC0C050009B8ABC /* Images.swift */,
				B78EC3C22AC0C050009B8ABC /* Localizable.swift */,
			);
			path = Resourse;
			sourceTree = "<group>";
		};
/* End PBXGroup section */

/* Begin PBXNativeTarget section */
		5D84B2BC2AC094A900BC87E7 /* Challenge3 */ = {
			isa = PBXNativeTarget;
			buildConfigurationList = 5D84B2CB2AC094AB00BC87E7 /* Build configuration list for PBXNativeTarget "Challenge3" */;
			buildPhases = (
				5D84B2B92AC094A900BC87E7 /* Sources */,
				5D84B2BA2AC094A900BC87E7 /* Frameworks */,
				5D84B2BB2AC094A900BC87E7 /* Resources */,
				AC16D57C2AC1B85800B74CBA /* ShellScript */,
			);
			buildRules = (
			);
			dependencies = (
			);
			name = Challenge3;
			packageProductDependencies = (
				D0D8E5012AC1C115005D5543 /* Kingfisher */,
			);
			productName = Challenge3;
			productReference = 5D84B2BD2AC094A900BC87E7 /* Challenge3.app */;
			productType = "com.apple.product-type.application";
		};
/* End PBXNativeTarget section */

/* Begin PBXProject section */
		5D84B2B52AC094A900BC87E7 /* Project object */ = {
			isa = PBXProject;
			attributes = {
				BuildIndependentTargetsInParallel = 1;
				LastSwiftUpdateCheck = 1430;
				LastUpgradeCheck = 1430;
				TargetAttributes = {
					5D84B2BC2AC094A900BC87E7 = {
						CreatedOnToolsVersion = 14.3.1;
					};
				};
			};
			buildConfigurationList = 5D84B2B82AC094A900BC87E7 /* Build configuration list for PBXProject "Challenge3" */;
			compatibilityVersion = "Xcode 14.0";
			developmentRegion = en;
			hasScannedForEncodings = 0;
			knownRegions = (
				en,
				ru,
				Base,
			);
			mainGroup = 5D84B2B42AC094A900BC87E7;
			packageReferences = (
				D0D8E5002AC1C115005D5543 /* XCRemoteSwiftPackageReference "Kingfisher" */,
			);
			productRefGroup = 5D84B2BE2AC094A900BC87E7 /* Products */;
			projectDirPath = "";
			projectRoot = "";
			targets = (
				5D84B2BC2AC094A900BC87E7 /* Challenge3 */,
			);
		};
/* End PBXProject section */

/* Begin PBXResourcesBuildPhase section */
		5D84B2BB2AC094A900BC87E7 /* Resources */ = {
			isa = PBXResourcesBuildPhase;
			buildActionMask = 2147483647;
			files = (
				5DCF86062AC1EBF900B28053 /* Localizable.strings in Resources */,
				5D84B2C82AC094AB00BC87E7 /* Preview Assets.xcassets in Resources */,
				B78EC3C52AC0C050009B8ABC /* Localizable.strings in Resources */,
				5D84B2C52AC094AB00BC87E7 /* Assets.xcassets in Resources */,
			);
			runOnlyForDeploymentPostprocessing = 0;
		};
/* End PBXResourcesBuildPhase section */

/* Begin PBXShellScriptBuildPhase section */
		AC16D57C2AC1B85800B74CBA /* ShellScript */ = {
			isa = PBXShellScriptBuildPhase;
			buildActionMask = 2147483647;
			files = (
			);
			inputFileListPaths = (
			);
			inputPaths = (
			);
			outputFileListPaths = (
			);
			outputPaths = (
			);
			runOnlyForDeploymentPostprocessing = 0;
			shellPath = /bin/sh;
			shellScript = "
";
		};
/* End PBXShellScriptBuildPhase section */

/* Begin PBXSourcesBuildPhase section */
		5D84B2B92AC094A900BC87E7 /* Sources */ = {
			isa = PBXSourcesBuildPhase;
			buildActionMask = 2147483647;
			files = (
				ACEE58CE2AC21C8B0037C34E /* UIApplication.swift in Sources */,
				5D84B35F2AC0999C00BC87E7 /* NowPlayingView.swift in Sources */,
				5D84B3692AC0999C00BC87E7 /* CreatePlaylistView.swift in Sources */,
				5D84B34D2AC0999C00BC87E7 /* Buttons.swift in Sources */,
				5D84B2E42AC0975100BC87E7 /* FirebaseManager.swift in Sources */,
				5D84B36E2AC0999C00BC87E7 /* CreateWithEmailModel.swift in Sources */,
				B7FA0B202AC36F8A000022E7 /* CustomNavigationBar.swift in Sources */,
				5D84B3482AC0999C00BC87E7 /* CustomNavigationViewModel.swift in Sources */,
				5D84B3552AC0999C00BC87E7 /* AccountSettingsModel.swift in Sources */,
				5DCF86082AC41C9900B28053 /* FavoritesCell.swift in Sources */,
				5D84B3712AC0999C00BC87E7 /* AutorizarionModel.swift in Sources */,
				5D84B34B2AC0999C00BC87E7 /* MainTabBar.swift in Sources */,
				5D84B3522AC0999C00BC87E7 /* HomePageViewModel.swift in Sources */,
				5D84B3462AC0999C00BC87E7 /* ScreenModel.swift in Sources */,
				5D84B2CF2AC0961600BC87E7 /* PodcastAppApp.swift in Sources */,
				5D84B3622AC0999C00BC87E7 /* SearchView.swift in Sources */,
				5D84B3582AC0999C00BC87E7 /* ProfileSettingsModel.swift in Sources */,
				5DB3538F2AC593F400A7E617 /* FavoritesDetailView.swift in Sources */,
				5D84B3532AC0999C00BC87E7 /* HomePageView.swift in Sources */,
				5D84B36F2AC0999C00BC87E7 /* CreateWithEmailViewModel.swift in Sources */,
				5D84B34A2AC0999C00BC87E7 /* View+AnyView.swift in Sources */,
				5D84B2ED2AC0975100BC87E7 /* APIRequest.swift in Sources */,
				5D84B35C2AC0999C00BC87E7 /* ChannelView.swift in Sources */,
				5D84B3512AC0999C00BC87E7 /* HomePageModel.swift in Sources */,
				5D53225A2AC1BA2B009BB98A /* CategoryTabs.swift in Sources */,
				5D84B3592AC0999C00BC87E7 /* ProfileSettingsViewModel.swift in Sources */,
				5D84B3472AC0999C00BC87E7 /* CustomNavigationContainer.swift in Sources */,
				AC16D57B2AC1B80800B74CBA /* MiniPlayer.swift in Sources */,
				5D84B36C2AC0999C00BC87E7 /* StartCreateModel.swift in Sources */,
				5D84B3572AC0999C00BC87E7 /* ProfilesettingsView.swift in Sources */,
				5D84B2EA2AC0975100BC87E7 /* RequestImplimentation.swift in Sources */,
				5D84B35E2AC0999C00BC87E7 /* NowPlayingViewModel.swift in Sources */,
				B72544842AC0D229003B3FF6 /* OnboardingIndicator.swift in Sources */,
				5D84B2D42AC0968200BC87E7 /* LocalManager.swift in Sources */,
				5D84B3502AC0999C00BC87E7 /* FavoritesModel.swift in Sources */,
				5D84B34F2AC0999C00BC87E7 /* FavoritesView.swift in Sources */,
				ACEE58CA2AC2194E0037C34E /* LoginTextField.swift in Sources */,
				5D84B2EC2AC0975100BC87E7 /* ContentType.swift in Sources */,
				5D84B34E2AC0999C00BC87E7 /* FavoritesViewModel.swift in Sources */,
				5D84B3562AC0999C00BC87E7 /* AccountSettingsView.swift in Sources */,
				5D84B2E52AC0975100BC87E7 /* PodcastModel.swift in Sources */,
				5D84B2EB2AC0975100BC87E7 /* RequestProtocol.swift in Sources */,
				5D84B34C2AC0999C00BC87E7 /* TabBarButton.swift in Sources */,
				5D84B3632AC0999C00BC87E7 /* SearchViewModel.swift in Sources */,
				B78EC3C62AC0C050009B8ABC /* Images.swift in Sources */,
				5D84B2E82AC0975100BC87E7 /* SessionDispatcher.swift in Sources */,
				5D84B35A2AC0999C00BC87E7 /* ChannelModel.swift in Sources */,
				5D84B3652AC0999C00BC87E7 /* SearchResultView.swift in Sources */,
				5D84B35D2AC0999C00BC87E7 /* NowPlayingModel.swift in Sources */,
				FAE797092AC210CE003F3F0C /* SelectButton.swift in Sources */,
				5D84B3672AC0999C00BC87E7 /* SearchResultViewModel.swift in Sources */,
				5D84B3662AC0999C00BC87E7 /* SearchResultModel.swift in Sources */,
				FAA1887E2AC36E0F00C0E183 /* PlayControl.swift in Sources */,
				B78EC3C72AC0C050009B8ABC /* Localizable.swift in Sources */,
				5D84B36D2AC0999C00BC87E7 /* CreateWithEmailView.swift in Sources */,
				ACEE58CC2AC21B050037C34E /* SearchBar.swift in Sources */,
				5D84B2E92AC0975100BC87E7 /* DataProvider.swift in Sources */,
				5D84B3722AC0999C00BC87E7 /* AutorizarionViewModel.swift in Sources */,
				B72544862AC0D9C4003B3FF6 /* OnboardingView.swift in Sources */,
				5DCF860A2AC465C300B28053 /* PlaylistModel.swift in Sources */,
				5D84B35B2AC0999C00BC87E7 /* ChannelViewModel.swift in Sources */,
				5D84B3702AC0999C00BC87E7 /* AutorizationView.swift in Sources */,
				5D84B3542AC0999C00BC87E7 /* AccountSettingsViewModel.swift in Sources */,
				5D84B36B2AC0999C00BC87E7 /* StartCreateAccountView.swift in Sources */,
				5D84B2E72AC0975100BC87E7 /* APIMethods.swift in Sources */,
				B78EC3C42AC0C050009B8ABC /* Pallete.swift in Sources */,
				D08922C12AC1A2F500683667 /* Icons.swift in Sources */,
				5D84B3682AC0999C00BC87E7 /* CreatePlaylistViewModel.swift in Sources */,
				D0D8E5062AC226F4005D5543 /* Cells.swift in Sources */,
				5D84B3642AC0999C00BC87E7 /* SearchModel.swift in Sources */,
				5D84B36A2AC0999C00BC87E7 /* CreatePlaylistModel.swift in Sources */,
				B72544812AC0D0D3003B3FF6 /* OnboardingViewModel.swift in Sources */,
				5D84B3602AC0999C00BC87E7 /* OnboardingModel.swift in Sources */,
				B7FA0B222AC36FA5000022E7 /* NavigationBars.swift in Sources */,
				5D84B2E62AC0975100BC87E7 /* APIError.swift in Sources */,
				5D84B3492AC0999C00BC87E7 /* CustomNavigationStack.swift in Sources */,
				5D84B3022AC0985E00BC87E7 /* Extensions.swift in Sources */,
				FAE797072AC1FDF8003F3F0C /* CustomLabel.swift in Sources */,
			);
			runOnlyForDeploymentPostprocessing = 0;
		};
/* End PBXSourcesBuildPhase section */

/* Begin PBXVariantGroup section */
		B78EC3BF2AC0C050009B8ABC /* Localizable.strings */ = {
			isa = PBXVariantGroup;
			children = (
				B78EC3C02AC0C050009B8ABC /* ru */,
			);
			name = Localizable.strings;
			sourceTree = "<group>";
		};
/* End PBXVariantGroup section */

/* Begin XCBuildConfiguration section */
		5D84B2C92AC094AB00BC87E7 /* Debug */ = {
			isa = XCBuildConfiguration;
			buildSettings = {
				ALWAYS_SEARCH_USER_PATHS = NO;
				CLANG_ANALYZER_NONNULL = YES;
				CLANG_ANALYZER_NUMBER_OBJECT_CONVERSION = YES_AGGRESSIVE;
				CLANG_CXX_LANGUAGE_STANDARD = "gnu++20";
				CLANG_ENABLE_MODULES = YES;
				CLANG_ENABLE_OBJC_ARC = YES;
				CLANG_ENABLE_OBJC_WEAK = YES;
				CLANG_WARN_BLOCK_CAPTURE_AUTORELEASING = YES;
				CLANG_WARN_BOOL_CONVERSION = YES;
				CLANG_WARN_COMMA = YES;
				CLANG_WARN_CONSTANT_CONVERSION = YES;
				CLANG_WARN_DEPRECATED_OBJC_IMPLEMENTATIONS = YES;
				CLANG_WARN_DIRECT_OBJC_ISA_USAGE = YES_ERROR;
				CLANG_WARN_DOCUMENTATION_COMMENTS = YES;
				CLANG_WARN_EMPTY_BODY = YES;
				CLANG_WARN_ENUM_CONVERSION = YES;
				CLANG_WARN_INFINITE_RECURSION = YES;
				CLANG_WARN_INT_CONVERSION = YES;
				CLANG_WARN_NON_LITERAL_NULL_CONVERSION = YES;
				CLANG_WARN_OBJC_IMPLICIT_RETAIN_SELF = YES;
				CLANG_WARN_OBJC_LITERAL_CONVERSION = YES;
				CLANG_WARN_OBJC_ROOT_CLASS = YES_ERROR;
				CLANG_WARN_QUOTED_INCLUDE_IN_FRAMEWORK_HEADER = YES;
				CLANG_WARN_RANGE_LOOP_ANALYSIS = YES;
				CLANG_WARN_STRICT_PROTOTYPES = YES;
				CLANG_WARN_SUSPICIOUS_MOVE = YES;
				CLANG_WARN_UNGUARDED_AVAILABILITY = YES_AGGRESSIVE;
				CLANG_WARN_UNREACHABLE_CODE = YES;
				CLANG_WARN__DUPLICATE_METHOD_MATCH = YES;
				COPY_PHASE_STRIP = NO;
				DEBUG_INFORMATION_FORMAT = dwarf;
				ENABLE_STRICT_OBJC_MSGSEND = YES;
				ENABLE_TESTABILITY = YES;
				GCC_C_LANGUAGE_STANDARD = gnu11;
				GCC_DYNAMIC_NO_PIC = NO;
				GCC_NO_COMMON_BLOCKS = YES;
				GCC_OPTIMIZATION_LEVEL = 0;
				GCC_PREPROCESSOR_DEFINITIONS = (
					"DEBUG=1",
					"$(inherited)",
				);
				GCC_WARN_64_TO_32_BIT_CONVERSION = YES;
				GCC_WARN_ABOUT_RETURN_TYPE = YES_ERROR;
				GCC_WARN_UNDECLARED_SELECTOR = YES;
				GCC_WARN_UNINITIALIZED_AUTOS = YES_AGGRESSIVE;
				GCC_WARN_UNUSED_FUNCTION = YES;
				GCC_WARN_UNUSED_VARIABLE = YES;
				IPHONEOS_DEPLOYMENT_TARGET = 16.4;
				MTL_ENABLE_DEBUG_INFO = INCLUDE_SOURCE;
				MTL_FAST_MATH = YES;
				ONLY_ACTIVE_ARCH = YES;
				SDKROOT = iphoneos;
				SWIFT_ACTIVE_COMPILATION_CONDITIONS = DEBUG;
				SWIFT_OPTIMIZATION_LEVEL = "-Onone";
			};
			name = Debug;
		};
		5D84B2CA2AC094AB00BC87E7 /* Release */ = {
			isa = XCBuildConfiguration;
			buildSettings = {
				ALWAYS_SEARCH_USER_PATHS = NO;
				CLANG_ANALYZER_NONNULL = YES;
				CLANG_ANALYZER_NUMBER_OBJECT_CONVERSION = YES_AGGRESSIVE;
				CLANG_CXX_LANGUAGE_STANDARD = "gnu++20";
				CLANG_ENABLE_MODULES = YES;
				CLANG_ENABLE_OBJC_ARC = YES;
				CLANG_ENABLE_OBJC_WEAK = YES;
				CLANG_WARN_BLOCK_CAPTURE_AUTORELEASING = YES;
				CLANG_WARN_BOOL_CONVERSION = YES;
				CLANG_WARN_COMMA = YES;
				CLANG_WARN_CONSTANT_CONVERSION = YES;
				CLANG_WARN_DEPRECATED_OBJC_IMPLEMENTATIONS = YES;
				CLANG_WARN_DIRECT_OBJC_ISA_USAGE = YES_ERROR;
				CLANG_WARN_DOCUMENTATION_COMMENTS = YES;
				CLANG_WARN_EMPTY_BODY = YES;
				CLANG_WARN_ENUM_CONVERSION = YES;
				CLANG_WARN_INFINITE_RECURSION = YES;
				CLANG_WARN_INT_CONVERSION = YES;
				CLANG_WARN_NON_LITERAL_NULL_CONVERSION = YES;
				CLANG_WARN_OBJC_IMPLICIT_RETAIN_SELF = YES;
				CLANG_WARN_OBJC_LITERAL_CONVERSION = YES;
				CLANG_WARN_OBJC_ROOT_CLASS = YES_ERROR;
				CLANG_WARN_QUOTED_INCLUDE_IN_FRAMEWORK_HEADER = YES;
				CLANG_WARN_RANGE_LOOP_ANALYSIS = YES;
				CLANG_WARN_STRICT_PROTOTYPES = YES;
				CLANG_WARN_SUSPICIOUS_MOVE = YES;
				CLANG_WARN_UNGUARDED_AVAILABILITY = YES_AGGRESSIVE;
				CLANG_WARN_UNREACHABLE_CODE = YES;
				CLANG_WARN__DUPLICATE_METHOD_MATCH = YES;
				COPY_PHASE_STRIP = NO;
				DEBUG_INFORMATION_FORMAT = "dwarf-with-dsym";
				ENABLE_NS_ASSERTIONS = NO;
				ENABLE_STRICT_OBJC_MSGSEND = YES;
				GCC_C_LANGUAGE_STANDARD = gnu11;
				GCC_NO_COMMON_BLOCKS = YES;
				GCC_WARN_64_TO_32_BIT_CONVERSION = YES;
				GCC_WARN_ABOUT_RETURN_TYPE = YES_ERROR;
				GCC_WARN_UNDECLARED_SELECTOR = YES;
				GCC_WARN_UNINITIALIZED_AUTOS = YES_AGGRESSIVE;
				GCC_WARN_UNUSED_FUNCTION = YES;
				GCC_WARN_UNUSED_VARIABLE = YES;
				IPHONEOS_DEPLOYMENT_TARGET = 16.4;
				MTL_ENABLE_DEBUG_INFO = NO;
				MTL_FAST_MATH = YES;
				SDKROOT = iphoneos;
				SWIFT_COMPILATION_MODE = wholemodule;
				SWIFT_OPTIMIZATION_LEVEL = "-O";
				VALIDATE_PRODUCT = YES;
			};
			name = Release;
		};
		5D84B2CC2AC094AB00BC87E7 /* Debug */ = {
			isa = XCBuildConfiguration;
			buildSettings = {
				ASSETCATALOG_COMPILER_APPICON_NAME = AppIcon;
				ASSETCATALOG_COMPILER_GLOBAL_ACCENT_COLOR_NAME = AccentColor;
				CODE_SIGN_STYLE = Automatic;
				CURRENT_PROJECT_VERSION = 1;
				DEVELOPMENT_ASSET_PATHS = "\"Challenge3/Preview Content\"";
				DEVELOPMENT_TEAM = 7HDF545ZQ6;
				ENABLE_PREVIEWS = YES;
				GENERATE_INFOPLIST_FILE = YES;
				INFOPLIST_KEY_UIApplicationSceneManifest_Generation = YES;
				INFOPLIST_KEY_UIApplicationSupportsIndirectInputEvents = YES;
				INFOPLIST_KEY_UILaunchScreen_Generation = YES;
				INFOPLIST_KEY_UISupportedInterfaceOrientations = UIInterfaceOrientationPortrait;
				INFOPLIST_KEY_UISupportedInterfaceOrientations_iPad = "UIInterfaceOrientationLandscapeLeft UIInterfaceOrientationLandscapeRight UIInterfaceOrientationPortrait UIInterfaceOrientationPortraitUpsideDown";
				IPHONEOS_DEPLOYMENT_TARGET = 15.0;
				LD_RUNPATH_SEARCH_PATHS = (
					"$(inherited)",
					"@executable_path/Frameworks",
				);
				MARKETING_VERSION = 1.0;
				PRODUCT_BUNDLE_IDENTIFIER = "-23.Challenge3";
				PRODUCT_NAME = "$(TARGET_NAME)";
				SUPPORTED_PLATFORMS = "iphoneos iphonesimulator";
				SUPPORTS_MACCATALYST = NO;
				SUPPORTS_MAC_DESIGNED_FOR_IPHONE_IPAD = NO;
				SWIFT_EMIT_LOC_STRINGS = YES;
				SWIFT_VERSION = 5.0;
				TARGETED_DEVICE_FAMILY = 1;
			};
			name = Debug;
		};
		5D84B2CD2AC094AB00BC87E7 /* Release */ = {
			isa = XCBuildConfiguration;
			buildSettings = {
				ASSETCATALOG_COMPILER_APPICON_NAME = AppIcon;
				ASSETCATALOG_COMPILER_GLOBAL_ACCENT_COLOR_NAME = AccentColor;
				CODE_SIGN_STYLE = Automatic;
				CURRENT_PROJECT_VERSION = 1;
				DEVELOPMENT_ASSET_PATHS = "\"Challenge3/Preview Content\"";
				DEVELOPMENT_TEAM = 7HDF545ZQ6;
				ENABLE_PREVIEWS = YES;
				GENERATE_INFOPLIST_FILE = YES;
				INFOPLIST_KEY_UIApplicationSceneManifest_Generation = YES;
				INFOPLIST_KEY_UIApplicationSupportsIndirectInputEvents = YES;
				INFOPLIST_KEY_UILaunchScreen_Generation = YES;
				INFOPLIST_KEY_UISupportedInterfaceOrientations = UIInterfaceOrientationPortrait;
				INFOPLIST_KEY_UISupportedInterfaceOrientations_iPad = "UIInterfaceOrientationLandscapeLeft UIInterfaceOrientationLandscapeRight UIInterfaceOrientationPortrait UIInterfaceOrientationPortraitUpsideDown";
				IPHONEOS_DEPLOYMENT_TARGET = 15.0;
				LD_RUNPATH_SEARCH_PATHS = (
					"$(inherited)",
					"@executable_path/Frameworks",
				);
				MARKETING_VERSION = 1.0;
				PRODUCT_BUNDLE_IDENTIFIER = "-23.Challenge3";
				PRODUCT_NAME = "$(TARGET_NAME)";
				SUPPORTED_PLATFORMS = "iphoneos iphonesimulator";
				SUPPORTS_MACCATALYST = NO;
				SUPPORTS_MAC_DESIGNED_FOR_IPHONE_IPAD = NO;
				SWIFT_EMIT_LOC_STRINGS = YES;
				SWIFT_VERSION = 5.0;
				TARGETED_DEVICE_FAMILY = 1;
			};
			name = Release;
		};
/* End XCBuildConfiguration section */

/* Begin XCConfigurationList section */
		5D84B2B82AC094A900BC87E7 /* Build configuration list for PBXProject "Challenge3" */ = {
			isa = XCConfigurationList;
			buildConfigurations = (
				5D84B2C92AC094AB00BC87E7 /* Debug */,
				5D84B2CA2AC094AB00BC87E7 /* Release */,
			);
			defaultConfigurationIsVisible = 0;
			defaultConfigurationName = Release;
		};
		5D84B2CB2AC094AB00BC87E7 /* Build configuration list for PBXNativeTarget "Challenge3" */ = {
			isa = XCConfigurationList;
			buildConfigurations = (
				5D84B2CC2AC094AB00BC87E7 /* Debug */,
				5D84B2CD2AC094AB00BC87E7 /* Release */,
			);
			defaultConfigurationIsVisible = 0;
			defaultConfigurationName = Release;
		};
/* End XCConfigurationList section */

/* Begin XCRemoteSwiftPackageReference section */
		D0D8E5002AC1C115005D5543 /* XCRemoteSwiftPackageReference "Kingfisher" */ = {
			isa = XCRemoteSwiftPackageReference;
			repositoryURL = "https://github.com/onevcat/Kingfisher.git";
			requirement = {
				kind = upToNextMajorVersion;
				minimumVersion = 7.0.0;
			};
		};
/* End XCRemoteSwiftPackageReference section */

/* Begin XCSwiftPackageProductDependency section */
		D0D8E5012AC1C115005D5543 /* Kingfisher */ = {
			isa = XCSwiftPackageProductDependency;
			package = D0D8E5002AC1C115005D5543 /* XCRemoteSwiftPackageReference "Kingfisher" */;
			productName = Kingfisher;
		};
/* End XCSwiftPackageProductDependency section */
	};
	rootObject = 5D84B2B52AC094A900BC87E7 /* Project object */;
}
