// !$*UTF8*$!
{
	archiveVersion = 1;
	classes = {
	};
	objectVersion = 56;
	objects = {

/* Begin PBXBuildFile section */
		5D84B2C52AC094AB00BC87E7 /* Assets.xcassets in Resources */ = {isa = PBXBuildFile; fileRef = 5D84B2C42AC094AB00BC87E7 /* Assets.xcassets */; };
		5D84B2C82AC094AB00BC87E7 /* Preview Assets.xcassets in Resources */ = {isa = PBXBuildFile; fileRef = 5D84B2C72AC094AB00BC87E7 /* Preview Assets.xcassets */; };
		5D84B2CF2AC0961600BC87E7 /* PodcastAppApp.swift in Sources */ = {isa = PBXBuildFile; fileRef = 5D84B2CE2AC0961600BC87E7 /* PodcastAppApp.swift */; };
		5D84B2D42AC0968200BC87E7 /* LocalManager.swift in Sources */ = {isa = PBXBuildFile; fileRef = 5D84B2D32AC0968200BC87E7 /* LocalManager.swift */; };
		5D84B2E42AC0975100BC87E7 /* FirebaseManager.swift in Sources */ = {isa = PBXBuildFile; fileRef = 5D84B2D72AC0975100BC87E7 /* FirebaseManager.swift */; };
		5D84B2E52AC0975100BC87E7 /* PodcastModel.swift in Sources */ = {isa = PBXBuildFile; fileRef = 5D84B2DA2AC0975100BC87E7 /* PodcastModel.swift */; };
		5D84B2E62AC0975100BC87E7 /* APIError.swift in Sources */ = {isa = PBXBuildFile; fileRef = 5D84B2DC2AC0975100BC87E7 /* APIError.swift */; };
		5D84B2E72AC0975100BC87E7 /* APIMethods.swift in Sources */ = {isa = PBXBuildFile; fileRef = 5D84B2DD2AC0975100BC87E7 /* APIMethods.swift */; };
		5D84B2E82AC0975100BC87E7 /* SessionDispatcher.swift in Sources */ = {isa = PBXBuildFile; fileRef = 5D84B2DE2AC0975100BC87E7 /* SessionDispatcher.swift */; };
		5D84B2E92AC0975100BC87E7 /* DataProvider.swift in Sources */ = {isa = PBXBuildFile; fileRef = 5D84B2DF2AC0975100BC87E7 /* DataProvider.swift */; };
		5D84B2EA2AC0975100BC87E7 /* RequestImplimentation.swift in Sources */ = {isa = PBXBuildFile; fileRef = 5D84B2E02AC0975100BC87E7 /* RequestImplimentation.swift */; };
		5D84B2EB2AC0975100BC87E7 /* RequestProtocol.swift in Sources */ = {isa = PBXBuildFile; fileRef = 5D84B2E12AC0975100BC87E7 /* RequestProtocol.swift */; };
		5D84B2EC2AC0975100BC87E7 /* ContentType.swift in Sources */ = {isa = PBXBuildFile; fileRef = 5D84B2E22AC0975100BC87E7 /* ContentType.swift */; };
		5D84B2ED2AC0975100BC87E7 /* APIRequest.swift in Sources */ = {isa = PBXBuildFile; fileRef = 5D84B2E32AC0975100BC87E7 /* APIRequest.swift */; };
		5D84B3022AC0985E00BC87E7 /* Extensions.swift in Sources */ = {isa = PBXBuildFile; fileRef = 5D84B3012AC0985E00BC87E7 /* Extensions.swift */; };
/* End PBXBuildFile section */

/* Begin PBXFileReference section */
		5D84B2BD2AC094A900BC87E7 /* Challenge3.app */ = {isa = PBXFileReference; explicitFileType = wrapper.application; includeInIndex = 0; path = Challenge3.app; sourceTree = BUILT_PRODUCTS_DIR; };
		5D84B2C42AC094AB00BC87E7 /* Assets.xcassets */ = {isa = PBXFileReference; lastKnownFileType = folder.assetcatalog; path = Assets.xcassets; sourceTree = "<group>"; };
		5D84B2C72AC094AB00BC87E7 /* Preview Assets.xcassets */ = {isa = PBXFileReference; lastKnownFileType = folder.assetcatalog; path = "Preview Assets.xcassets"; sourceTree = "<group>"; };
		5D84B2CE2AC0961600BC87E7 /* PodcastAppApp.swift */ = {isa = PBXFileReference; fileEncoding = 4; lastKnownFileType = sourcecode.swift; path = PodcastAppApp.swift; sourceTree = "<group>"; };
		5D84B2D32AC0968200BC87E7 /* LocalManager.swift */ = {isa = PBXFileReference; fileEncoding = 4; lastKnownFileType = sourcecode.swift; path = LocalManager.swift; sourceTree = "<group>"; };
		5D84B2D72AC0975100BC87E7 /* FirebaseManager.swift */ = {isa = PBXFileReference; fileEncoding = 4; lastKnownFileType = sourcecode.swift; path = FirebaseManager.swift; sourceTree = "<group>"; };
		5D84B2DA2AC0975100BC87E7 /* PodcastModel.swift */ = {isa = PBXFileReference; fileEncoding = 4; lastKnownFileType = sourcecode.swift; path = PodcastModel.swift; sourceTree = "<group>"; };
		5D84B2DC2AC0975100BC87E7 /* APIError.swift */ = {isa = PBXFileReference; fileEncoding = 4; lastKnownFileType = sourcecode.swift; path = APIError.swift; sourceTree = "<group>"; };
		5D84B2DD2AC0975100BC87E7 /* APIMethods.swift */ = {isa = PBXFileReference; fileEncoding = 4; lastKnownFileType = sourcecode.swift; path = APIMethods.swift; sourceTree = "<group>"; };
		5D84B2DE2AC0975100BC87E7 /* SessionDispatcher.swift */ = {isa = PBXFileReference; fileEncoding = 4; lastKnownFileType = sourcecode.swift; path = SessionDispatcher.swift; sourceTree = "<group>"; };
		5D84B2DF2AC0975100BC87E7 /* DataProvider.swift */ = {isa = PBXFileReference; fileEncoding = 4; lastKnownFileType = sourcecode.swift; path = DataProvider.swift; sourceTree = "<group>"; };
		5D84B2E02AC0975100BC87E7 /* RequestImplimentation.swift */ = {isa = PBXFileReference; fileEncoding = 4; lastKnownFileType = sourcecode.swift; path = RequestImplimentation.swift; sourceTree = "<group>"; };
		5D84B2E12AC0975100BC87E7 /* RequestProtocol.swift */ = {isa = PBXFileReference; fileEncoding = 4; lastKnownFileType = sourcecode.swift; path = RequestProtocol.swift; sourceTree = "<group>"; };
		5D84B2E22AC0975100BC87E7 /* ContentType.swift */ = {isa = PBXFileReference; fileEncoding = 4; lastKnownFileType = sourcecode.swift; path = ContentType.swift; sourceTree = "<group>"; };
		5D84B2E32AC0975100BC87E7 /* APIRequest.swift */ = {isa = PBXFileReference; fileEncoding = 4; lastKnownFileType = sourcecode.swift; path = APIRequest.swift; sourceTree = "<group>"; };
		5D84B3012AC0985E00BC87E7 /* Extensions.swift */ = {isa = PBXFileReference; lastKnownFileType = sourcecode.swift; path = Extensions.swift; sourceTree = "<group>"; };
/* End PBXFileReference section */

/* Begin PBXFrameworksBuildPhase section */
		5D84B2BA2AC094A900BC87E7 /* Frameworks */ = {
			isa = PBXFrameworksBuildPhase;
			buildActionMask = 2147483647;
			files = (
			);
			runOnlyForDeploymentPostprocessing = 0;
		};
/* End PBXFrameworksBuildPhase section */

/* Begin PBXGroup section */
		5D84B2B42AC094A900BC87E7 = {
			isa = PBXGroup;
			children = (
				5D84B2BF2AC094A900BC87E7 /* Challenge3 */,
				5D84B2BE2AC094A900BC87E7 /* Products */,
			);
			sourceTree = "<group>";
		};
		5D84B2BE2AC094A900BC87E7 /* Products */ = {
			isa = PBXGroup;
			children = (
				5D84B2BD2AC094A900BC87E7 /* Challenge3.app */,
			);
			name = Products;
			sourceTree = "<group>";
		};
		5D84B2BF2AC094A900BC87E7 /* Challenge3 */ = {
			isa = PBXGroup;
			children = (
				5D84B2CE2AC0961600BC87E7 /* PodcastAppApp.swift */,
				5D84B2D22AC0968200BC87E7 /* LocalManagers */,
				5D84B2D52AC0975100BC87E7 /* NetworkLayer */,
				5D84B3032AC0986E00BC87E7 /* Extension */,
				5D84B2C42AC094AB00BC87E7 /* Assets.xcassets */,
				5D84B2C62AC094AB00BC87E7 /* Preview Content */,
			);
			path = Challenge3;
			sourceTree = "<group>";
		};
		5D84B2C62AC094AB00BC87E7 /* Preview Content */ = {
			isa = PBXGroup;
			children = (
				5D84B2C72AC094AB00BC87E7 /* Preview Assets.xcassets */,
			);
			path = "Preview Content";
			sourceTree = "<group>";
		};
		5D84B2D22AC0968200BC87E7 /* LocalManagers */ = {
			isa = PBXGroup;
			children = (
				5D84B2D32AC0968200BC87E7 /* LocalManager.swift */,
			);
			path = LocalManagers;
			sourceTree = "<group>";
		};
		5D84B2D52AC0975100BC87E7 /* NetworkLayer */ = {
			isa = PBXGroup;
			children = (
				5D84B2D62AC0975100BC87E7 /* FirebaseManagers */,
				5D84B2D82AC0975100BC87E7 /* APIManagers */,
			);
			path = NetworkLayer;
			sourceTree = "<group>";
		};
		5D84B2D62AC0975100BC87E7 /* FirebaseManagers */ = {
			isa = PBXGroup;
			children = (
				5D84B2D72AC0975100BC87E7 /* FirebaseManager.swift */,
			);
			path = FirebaseManagers;
			sourceTree = "<group>";
		};
		5D84B2D82AC0975100BC87E7 /* APIManagers */ = {
			isa = PBXGroup;
			children = (
				5D84B2D92AC0975100BC87E7 /* Models */,
				5D84B2DB2AC0975100BC87E7 /* Base */,
			);
			path = APIManagers;
			sourceTree = "<group>";
		};
		5D84B2D92AC0975100BC87E7 /* Models */ = {
			isa = PBXGroup;
			children = (
				5D84B2DA2AC0975100BC87E7 /* PodcastModel.swift */,
			);
			path = Models;
			sourceTree = "<group>";
		};
		5D84B2DB2AC0975100BC87E7 /* Base */ = {
			isa = PBXGroup;
			children = (
				5D84B2DC2AC0975100BC87E7 /* APIError.swift */,
				5D84B2DD2AC0975100BC87E7 /* APIMethods.swift */,
				5D84B2DE2AC0975100BC87E7 /* SessionDispatcher.swift */,
				5D84B2DF2AC0975100BC87E7 /* DataProvider.swift */,
				5D84B2E02AC0975100BC87E7 /* RequestImplimentation.swift */,
				5D84B2E12AC0975100BC87E7 /* RequestProtocol.swift */,
				5D84B2E22AC0975100BC87E7 /* ContentType.swift */,
				5D84B2E32AC0975100BC87E7 /* APIRequest.swift */,
			);
			path = Base;
			sourceTree = "<group>";
		};
		5D84B3032AC0986E00BC87E7 /* Extension */ = {
			isa = PBXGroup;
			children = (
				5D84B3012AC0985E00BC87E7 /* Extensions.swift */,
			);
			path = Extension;
			sourceTree = "<group>";
		};
/* End PBXGroup section */

/* Begin PBXNativeTarget section */
		5D84B2BC2AC094A900BC87E7 /* Challenge3 */ = {
			isa = PBXNativeTarget;
			buildConfigurationList = 5D84B2CB2AC094AB00BC87E7 /* Build configuration list for PBXNativeTarget "Challenge3" */;
			buildPhases = (
				5D84B2B92AC094A900BC87E7 /* Sources */,
				5D84B2BA2AC094A900BC87E7 /* Frameworks */,
				5D84B2BB2AC094A900BC87E7 /* Resources */,
			);
			buildRules = (
			);
			dependencies = (
			);
			name = Challenge3;
			productName = Challenge3;
			productReference = 5D84B2BD2AC094A900BC87E7 /* Challenge3.app */;
			productType = "com.apple.product-type.application";
		};
/* End PBXNativeTarget section */

/* Begin PBXProject section */
		5D84B2B52AC094A900BC87E7 /* Project object */ = {
			isa = PBXProject;
			attributes = {
				BuildIndependentTargetsInParallel = 1;
				LastSwiftUpdateCheck = 1430;
				LastUpgradeCheck = 1430;
				TargetAttributes = {
					5D84B2BC2AC094A900BC87E7 = {
						CreatedOnToolsVersion = 14.3.1;
					};
				};
			};
			buildConfigurationList = 5D84B2B82AC094A900BC87E7 /* Build configuration list for PBXProject "Challenge3" */;
			compatibilityVersion = "Xcode 14.0";
			developmentRegion = en;
			hasScannedForEncodings = 0;
			knownRegions = (
				en,
				Base,
				ru,
			);
			mainGroup = 5D84B2B42AC094A900BC87E7;
			productRefGroup = 5D84B2BE2AC094A900BC87E7 /* Products */;
			projectDirPath = "";
			projectRoot = "";
			targets = (
				5D84B2BC2AC094A900BC87E7 /* Challenge3 */,
			);
		};
/* End PBXProject section */

/* Begin PBXResourcesBuildPhase section */
		5D84B2BB2AC094A900BC87E7 /* Resources */ = {
			isa = PBXResourcesBuildPhase;
			buildActionMask = 2147483647;
			files = (
				5D84B2C82AC094AB00BC87E7 /* Preview Assets.xcassets in Resources */,
				5D84B2C52AC094AB00BC87E7 /* Assets.xcassets in Resources */,
			);
			runOnlyForDeploymentPostprocessing = 0;
		};
/* End PBXResourcesBuildPhase section */

/* Begin PBXSourcesBuildPhase section */
		5D84B2B92AC094A900BC87E7 /* Sources */ = {
			isa = PBXSourcesBuildPhase;
			buildActionMask = 2147483647;
			files = (
				5D84B2E42AC0975100BC87E7 /* FirebaseManager.swift in Sources */,
				5D84B2CF2AC0961600BC87E7 /* PodcastAppApp.swift in Sources */,
				5D84B2ED2AC0975100BC87E7 /* APIRequest.swift in Sources */,
				5D84B2EA2AC0975100BC87E7 /* RequestImplimentation.swift in Sources */,
				5D84B2D42AC0968200BC87E7 /* LocalManager.swift in Sources */,
				5D84B2EC2AC0975100BC87E7 /* ContentType.swift in Sources */,
				5D84B2E52AC0975100BC87E7 /* PodcastModel.swift in Sources */,
				5D84B2EB2AC0975100BC87E7 /* RequestProtocol.swift in Sources */,
				5D84B2E82AC0975100BC87E7 /* SessionDispatcher.swift in Sources */,
				5D84B2E92AC0975100BC87E7 /* DataProvider.swift in Sources */,
				5D84B2E72AC0975100BC87E7 /* APIMethods.swift in Sources */,
				5D84B2E62AC0975100BC87E7 /* APIError.swift in Sources */,
				5D84B3022AC0985E00BC87E7 /* Extensions.swift in Sources */,
			);
			runOnlyForDeploymentPostprocessing = 0;
		};
/* End PBXSourcesBuildPhase section */

/* Begin XCBuildConfiguration section */
		5D84B2C92AC094AB00BC87E7 /* Debug */ = {
			isa = XCBuildConfiguration;
			buildSettings = {
				ALWAYS_SEARCH_USER_PATHS = NO;
				CLANG_ANALYZER_NONNULL = YES;
				CLANG_ANALYZER_NUMBER_OBJECT_CONVERSION = YES_AGGRESSIVE;
				CLANG_CXX_LANGUAGE_STANDARD = "gnu++20";
				CLANG_ENABLE_MODULES = YES;
				CLANG_ENABLE_OBJC_ARC = YES;
				CLANG_ENABLE_OBJC_WEAK = YES;
				CLANG_WARN_BLOCK_CAPTURE_AUTORELEASING = YES;
				CLANG_WARN_BOOL_CONVERSION = YES;
				CLANG_WARN_COMMA = YES;
				CLANG_WARN_CONSTANT_CONVERSION = YES;
				CLANG_WARN_DEPRECATED_OBJC_IMPLEMENTATIONS = YES;
				CLANG_WARN_DIRECT_OBJC_ISA_USAGE = YES_ERROR;
				CLANG_WARN_DOCUMENTATION_COMMENTS = YES;
				CLANG_WARN_EMPTY_BODY = YES;
				CLANG_WARN_ENUM_CONVERSION = YES;
				CLANG_WARN_INFINITE_RECURSION = YES;
				CLANG_WARN_INT_CONVERSION = YES;
				CLANG_WARN_NON_LITERAL_NULL_CONVERSION = YES;
				CLANG_WARN_OBJC_IMPLICIT_RETAIN_SELF = YES;
				CLANG_WARN_OBJC_LITERAL_CONVERSION = YES;
				CLANG_WARN_OBJC_ROOT_CLASS = YES_ERROR;
				CLANG_WARN_QUOTED_INCLUDE_IN_FRAMEWORK_HEADER = YES;
				CLANG_WARN_RANGE_LOOP_ANALYSIS = YES;
				CLANG_WARN_STRICT_PROTOTYPES = YES;
				CLANG_WARN_SUSPICIOUS_MOVE = YES;
				CLANG_WARN_UNGUARDED_AVAILABILITY = YES_AGGRESSIVE;
				CLANG_WARN_UNREACHABLE_CODE = YES;
				CLANG_WARN__DUPLICATE_METHOD_MATCH = YES;
				COPY_PHASE_STRIP = NO;
				DEBUG_INFORMATION_FORMAT = dwarf;
				ENABLE_STRICT_OBJC_MSGSEND = YES;
				ENABLE_TESTABILITY = YES;
				GCC_C_LANGUAGE_STANDARD = gnu11;
				GCC_DYNAMIC_NO_PIC = NO;
				GCC_NO_COMMON_BLOCKS = YES;
				GCC_OPTIMIZATION_LEVEL = 0;
				GCC_PREPROCESSOR_DEFINITIONS = (
					"DEBUG=1",
					"$(inherited)",
				);
				GCC_WARN_64_TO_32_BIT_CONVERSION = YES;
				GCC_WARN_ABOUT_RETURN_TYPE = YES_ERROR;
				GCC_WARN_UNDECLARED_SELECTOR = YES;
				GCC_WARN_UNINITIALIZED_AUTOS = YES_AGGRESSIVE;
				GCC_WARN_UNUSED_FUNCTION = YES;
				GCC_WARN_UNUSED_VARIABLE = YES;
				IPHONEOS_DEPLOYMENT_TARGET = 16.4;
				MTL_ENABLE_DEBUG_INFO = INCLUDE_SOURCE;
				MTL_FAST_MATH = YES;
				ONLY_ACTIVE_ARCH = YES;
				SDKROOT = iphoneos;
				SWIFT_ACTIVE_COMPILATION_CONDITIONS = DEBUG;
				SWIFT_OPTIMIZATION_LEVEL = "-Onone";
			};
			name = Debug;
		};
		5D84B2CA2AC094AB00BC87E7 /* Release */ = {
			isa = XCBuildConfiguration;
			buildSettings = {
				ALWAYS_SEARCH_USER_PATHS = NO;
				CLANG_ANALYZER_NONNULL = YES;
				CLANG_ANALYZER_NUMBER_OBJECT_CONVERSION = YES_AGGRESSIVE;
				CLANG_CXX_LANGUAGE_STANDARD = "gnu++20";
				CLANG_ENABLE_MODULES = YES;
				CLANG_ENABLE_OBJC_ARC = YES;
				CLANG_ENABLE_OBJC_WEAK = YES;
				CLANG_WARN_BLOCK_CAPTURE_AUTORELEASING = YES;
				CLANG_WARN_BOOL_CONVERSION = YES;
				CLANG_WARN_COMMA = YES;
				CLANG_WARN_CONSTANT_CONVERSION = YES;
				CLANG_WARN_DEPRECATED_OBJC_IMPLEMENTATIONS = YES;
				CLANG_WARN_DIRECT_OBJC_ISA_USAGE = YES_ERROR;
				CLANG_WARN_DOCUMENTATION_COMMENTS = YES;
				CLANG_WARN_EMPTY_BODY = YES;
				CLANG_WARN_ENUM_CONVERSION = YES;
				CLANG_WARN_INFINITE_RECURSION = YES;
				CLANG_WARN_INT_CONVERSION = YES;
				CLANG_WARN_NON_LITERAL_NULL_CONVERSION = YES;
				CLANG_WARN_OBJC_IMPLICIT_RETAIN_SELF = YES;
				CLANG_WARN_OBJC_LITERAL_CONVERSION = YES;
				CLANG_WARN_OBJC_ROOT_CLASS = YES_ERROR;
				CLANG_WARN_QUOTED_INCLUDE_IN_FRAMEWORK_HEADER = YES;
				CLANG_WARN_RANGE_LOOP_ANALYSIS = YES;
				CLANG_WARN_STRICT_PROTOTYPES = YES;
				CLANG_WARN_SUSPICIOUS_MOVE = YES;
				CLANG_WARN_UNGUARDED_AVAILABILITY = YES_AGGRESSIVE;
				CLANG_WARN_UNREACHABLE_CODE = YES;
				CLANG_WARN__DUPLICATE_METHOD_MATCH = YES;
				COPY_PHASE_STRIP = NO;
				DEBUG_INFORMATION_FORMAT = "dwarf-with-dsym";
				ENABLE_NS_ASSERTIONS = NO;
				ENABLE_STRICT_OBJC_MSGSEND = YES;
				GCC_C_LANGUAGE_STANDARD = gnu11;
				GCC_NO_COMMON_BLOCKS = YES;
				GCC_WARN_64_TO_32_BIT_CONVERSION = YES;
				GCC_WARN_ABOUT_RETURN_TYPE = YES_ERROR;
				GCC_WARN_UNDECLARED_SELECTOR = YES;
				GCC_WARN_UNINITIALIZED_AUTOS = YES_AGGRESSIVE;
				GCC_WARN_UNUSED_FUNCTION = YES;
				GCC_WARN_UNUSED_VARIABLE = YES;
				IPHONEOS_DEPLOYMENT_TARGET = 16.4;
				MTL_ENABLE_DEBUG_INFO = NO;
				MTL_FAST_MATH = YES;
				SDKROOT = iphoneos;
				SWIFT_COMPILATION_MODE = wholemodule;
				SWIFT_OPTIMIZATION_LEVEL = "-O";
				VALIDATE_PRODUCT = YES;
			};
			name = Release;
		};
		5D84B2CC2AC094AB00BC87E7 /* Debug */ = {
			isa = XCBuildConfiguration;
			buildSettings = {
				ASSETCATALOG_COMPILER_APPICON_NAME = AppIcon;
				ASSETCATALOG_COMPILER_GLOBAL_ACCENT_COLOR_NAME = AccentColor;
				CODE_SIGN_STYLE = Automatic;
				CURRENT_PROJECT_VERSION = 1;
				DEVELOPMENT_ASSET_PATHS = "\"Challenge3/Preview Content\"";
				DEVELOPMENT_TEAM = YM5258CN94;
				ENABLE_PREVIEWS = YES;
				GENERATE_INFOPLIST_FILE = YES;
				INFOPLIST_KEY_UIApplicationSceneManifest_Generation = YES;
				INFOPLIST_KEY_UIApplicationSupportsIndirectInputEvents = YES;
				INFOPLIST_KEY_UILaunchScreen_Generation = YES;
				INFOPLIST_KEY_UISupportedInterfaceOrientations = UIInterfaceOrientationPortrait;
				INFOPLIST_KEY_UISupportedInterfaceOrientations_iPad = "UIInterfaceOrientationLandscapeLeft UIInterfaceOrientationLandscapeRight UIInterfaceOrientationPortrait UIInterfaceOrientationPortraitUpsideDown";
				IPHONEOS_DEPLOYMENT_TARGET = 15.0;
				LD_RUNPATH_SEARCH_PATHS = (
					"$(inherited)",
					"@executable_path/Frameworks",
				);
				MARKETING_VERSION = 1.0;
				PRODUCT_BUNDLE_IDENTIFIER = "-23.Challenge3";
				PRODUCT_NAME = "$(TARGET_NAME)";
				SUPPORTED_PLATFORMS = "iphoneos iphonesimulator";
				SUPPORTS_MACCATALYST = NO;
				SUPPORTS_MAC_DESIGNED_FOR_IPHONE_IPAD = NO;
				SWIFT_EMIT_LOC_STRINGS = YES;
				SWIFT_VERSION = 5.0;
				TARGETED_DEVICE_FAMILY = 1;
			};
			name = Debug;
		};
		5D84B2CD2AC094AB00BC87E7 /* Release */ = {
			isa = XCBuildConfiguration;
			buildSettings = {
				ASSETCATALOG_COMPILER_APPICON_NAME = AppIcon;
				ASSETCATALOG_COMPILER_GLOBAL_ACCENT_COLOR_NAME = AccentColor;
				CODE_SIGN_STYLE = Automatic;
				CURRENT_PROJECT_VERSION = 1;
				DEVELOPMENT_ASSET_PATHS = "\"Challenge3/Preview Content\"";
				DEVELOPMENT_TEAM = YM5258CN94;
				ENABLE_PREVIEWS = YES;
				GENERATE_INFOPLIST_FILE = YES;
				INFOPLIST_KEY_UIApplicationSceneManifest_Generation = YES;
				INFOPLIST_KEY_UIApplicationSupportsIndirectInputEvents = YES;
				INFOPLIST_KEY_UILaunchScreen_Generation = YES;
				INFOPLIST_KEY_UISupportedInterfaceOrientations = UIInterfaceOrientationPortrait;
				INFOPLIST_KEY_UISupportedInterfaceOrientations_iPad = "UIInterfaceOrientationLandscapeLeft UIInterfaceOrientationLandscapeRight UIInterfaceOrientationPortrait UIInterfaceOrientationPortraitUpsideDown";
				IPHONEOS_DEPLOYMENT_TARGET = 15.0;
				LD_RUNPATH_SEARCH_PATHS = (
					"$(inherited)",
					"@executable_path/Frameworks",
				);
				MARKETING_VERSION = 1.0;
				PRODUCT_BUNDLE_IDENTIFIER = "-23.Challenge3";
				PRODUCT_NAME = "$(TARGET_NAME)";
				SUPPORTED_PLATFORMS = "iphoneos iphonesimulator";
				SUPPORTS_MACCATALYST = NO;
				SUPPORTS_MAC_DESIGNED_FOR_IPHONE_IPAD = NO;
				SWIFT_EMIT_LOC_STRINGS = YES;
				SWIFT_VERSION = 5.0;
				TARGETED_DEVICE_FAMILY = 1;
			};
			name = Release;
		};
/* End XCBuildConfiguration section */

/* Begin XCConfigurationList section */
		5D84B2B82AC094A900BC87E7 /* Build configuration list for PBXProject "Challenge3" */ = {
			isa = XCConfigurationList;
			buildConfigurations = (
				5D84B2C92AC094AB00BC87E7 /* Debug */,
				5D84B2CA2AC094AB00BC87E7 /* Release */,
			);
			defaultConfigurationIsVisible = 0;
			defaultConfigurationName = Release;
		};
		5D84B2CB2AC094AB00BC87E7 /* Build configuration list for PBXNativeTarget "Challenge3" */ = {
			isa = XCConfigurationList;
			buildConfigurations = (
				5D84B2CC2AC094AB00BC87E7 /* Debug */,
				5D84B2CD2AC094AB00BC87E7 /* Release */,
			);
			defaultConfigurationIsVisible = 0;
			defaultConfigurationName = Release;
		};
/* End XCConfigurationList section */
	};
	rootObject = 5D84B2B52AC094A900BC87E7 /* Project object */;
}
